// !$*UTF8*$!
{
	archiveVersion = 1;
	classes = {
	};
	objectVersion = 77;
	objects = {

/* Begin PBXBuildFile section */
		06310D712E96120700B6E081 /* VideoPlayer in Frameworks */ = {isa = PBXBuildFile; productRef = 06310D702E96120700B6E081 /* VideoPlayer */; };
		0646B2622E7151A700535A3E /* Kingfisher in Frameworks */ = {isa = PBXBuildFile; productRef = 0646B2612E7151A700535A3E /* Kingfisher */; };
		0672EE122E8689C70092AD1F /* Drops in Frameworks */ = {isa = PBXBuildFile; productRef = 0672EE112E8689C70092AD1F /* Drops */; };
		068923482E82A80700981D8E /* Flow in Frameworks */ = {isa = PBXBuildFile; productRef = 068923472E82A80700981D8E /* Flow */; };
		068F7CD12E75405A00B5FB40 /* MarkdownUI in Frameworks */ = {isa = PBXBuildFile; productRef = 068F7CD02E75405A00B5FB40 /* MarkdownUI */; };
		06C6B5482E853AAF00CCD388 /* SwiftUIIntrospect in Frameworks */ = {isa = PBXBuildFile; productRef = 06C6B5472E853AAF00CCD388 /* SwiftUIIntrospect */; };
		06C7FC172E7D474900A0D01A /* LazyPager in Frameworks */ = {isa = PBXBuildFile; productRef = 06C7FC162E7D474900A0D01A /* LazyPager */; };
		06F36AAD2E8F7BEC00F5905F /* SwiftUIBackports in Frameworks */ = {isa = PBXBuildFile; productRef = 06F36AAC2E8F7BEC00F5905F /* SwiftUIBackports */; };
/* End PBXBuildFile section */

/* Begin PBXFileReference section */
		06E433FE2E6A9A2600CD0826 /* Flare.app */ = {isa = PBXFileReference; explicitFileType = wrapper.application; includeInIndex = 0; path = Flare.app; sourceTree = BUILT_PRODUCTS_DIR; };
/* End PBXFileReference section */

/* Begin PBXFileSystemSynchronizedBuildFileExceptionSet section */
		06E434172E6A9DE000CD0826 /* Exceptions for "Flare" folder in "Flare" target */ = {
			isa = PBXFileSystemSynchronizedBuildFileExceptionSet;
			membershipExceptions = (
				Info.plist,
			);
			target = 06E433FD2E6A9A2600CD0826 /* Flare */;
		};
/* End PBXFileSystemSynchronizedBuildFileExceptionSet section */

/* Begin PBXFileSystemSynchronizedRootGroup section */
		06E434002E6A9A2600CD0826 /* Flare */ = {
			isa = PBXFileSystemSynchronizedRootGroup;
			exceptions = (
				06E434172E6A9DE000CD0826 /* Exceptions for "Flare" folder in "Flare" target */,
			);
			path = Flare;
			sourceTree = "<group>";
		};
/* End PBXFileSystemSynchronizedRootGroup section */

/* Begin PBXFrameworksBuildPhase section */
		06E433FB2E6A9A2600CD0826 /* Frameworks */ = {
			isa = PBXFrameworksBuildPhase;
			buildActionMask = 2147483647;
			files = (
				068923482E82A80700981D8E /* Flow in Frameworks */,
				06C7FC172E7D474900A0D01A /* LazyPager in Frameworks */,
				068F7CD12E75405A00B5FB40 /* MarkdownUI in Frameworks */,
				0672EE122E8689C70092AD1F /* Drops in Frameworks */,
				06C6B5482E853AAF00CCD388 /* SwiftUIIntrospect in Frameworks */,
				0646B2622E7151A700535A3E /* Kingfisher in Frameworks */,
				06F36AAD2E8F7BEC00F5905F /* SwiftUIBackports in Frameworks */,
				06310D712E96120700B6E081 /* VideoPlayer in Frameworks */,
			);
			runOnlyForDeploymentPostprocessing = 0;
		};
/* End PBXFrameworksBuildPhase section */

/* Begin PBXGroup section */
		06E433F52E6A9A2600CD0826 = {
			isa = PBXGroup;
			children = (
				06E434002E6A9A2600CD0826 /* Flare */,
				06E433FF2E6A9A2600CD0826 /* Products */,
			);
			sourceTree = "<group>";
		};
		06E433FF2E6A9A2600CD0826 /* Products */ = {
			isa = PBXGroup;
			children = (
				06E433FE2E6A9A2600CD0826 /* Flare.app */,
			);
			name = Products;
			sourceTree = "<group>";
		};
/* End PBXGroup section */

/* Begin PBXNativeTarget section */
		06E433FD2E6A9A2600CD0826 /* Flare */ = {
			isa = PBXNativeTarget;
			buildConfigurationList = 06E434092E6A9A2700CD0826 /* Build configuration list for PBXNativeTarget "Flare" */;
			buildPhases = (
				06E434182E6AA19200CD0826 /* Compile Kotlin */,
				06E433FA2E6A9A2600CD0826 /* Sources */,
				06E433FB2E6A9A2600CD0826 /* Frameworks */,
				06E433FC2E6A9A2600CD0826 /* Resources */,
			);
			buildRules = (
			);
			dependencies = (
			);
			fileSystemSynchronizedGroups = (
				06E434002E6A9A2600CD0826 /* Flare */,
			);
			name = Flare;
			packageProductDependencies = (
				0646B2612E7151A700535A3E /* Kingfisher */,
				068F7CD02E75405A00B5FB40 /* MarkdownUI */,
				06C7FC162E7D474900A0D01A /* LazyPager */,
				068923472E82A80700981D8E /* Flow */,
				06C6B5472E853AAF00CCD388 /* SwiftUIIntrospect */,
				0672EE112E8689C70092AD1F /* Drops */,
				06F36AAC2E8F7BEC00F5905F /* SwiftUIBackports */,
				06310D702E96120700B6E081 /* VideoPlayer */,
			);
			productName = flare;
			productReference = 06E433FE2E6A9A2600CD0826 /* Flare.app */;
			productType = "com.apple.product-type.application";
		};
/* End PBXNativeTarget section */

/* Begin PBXProject section */
		06E433F62E6A9A2600CD0826 /* Project object */ = {
			isa = PBXProject;
			attributes = {
				BuildIndependentTargetsInParallel = 1;
				LastSwiftUpdateCheck = 2600;
				LastUpgradeCheck = 2600;
				TargetAttributes = {
					06E433FD2E6A9A2600CD0826 = {
						CreatedOnToolsVersion = 26.0;
					};
				};
			};
			buildConfigurationList = 06E433F92E6A9A2600CD0826 /* Build configuration list for PBXProject "Flare" */;
			developmentRegion = en;
			hasScannedForEncodings = 0;
			knownRegions = (
				en,
				Base,
			);
			mainGroup = 06E433F52E6A9A2600CD0826;
			minimizedProjectReferenceProxies = 1;
			packageReferences = (
				0646B2602E7151A700535A3E /* XCRemoteSwiftPackageReference "Kingfisher" */,
				068F7CCF2E75405A00B5FB40 /* XCRemoteSwiftPackageReference "swift-markdown-ui" */,
				06791BD42E7AA40000FF2050 /* XCRemoteSwiftPackageReference "SwiftLintPlugins" */,
				06C7FC152E7D474900A0D01A /* XCRemoteSwiftPackageReference "LazyPager" */,
				068923462E82A80700981D8E /* XCRemoteSwiftPackageReference "SwiftUI-Flow" */,
				06C6B5462E853AAF00CCD388 /* XCRemoteSwiftPackageReference "swiftui-introspect" */,
				0672EE102E8689C70092AD1F /* XCRemoteSwiftPackageReference "Drops" */,
				06F36AAB2E8F7BEC00F5905F /* XCRemoteSwiftPackageReference "iOS-Backports" */,
				06310D6F2E96120700B6E081 /* XCRemoteSwiftPackageReference "VideoPlayer" */,
			);
			preferredProjectObjectVersion = 77;
			productRefGroup = 06E433FF2E6A9A2600CD0826 /* Products */;
			projectDirPath = "";
			projectRoot = "";
			targets = (
				06E433FD2E6A9A2600CD0826 /* Flare */,
			);
		};
/* End PBXProject section */

/* Begin PBXResourcesBuildPhase section */
		06E433FC2E6A9A2600CD0826 /* Resources */ = {
			isa = PBXResourcesBuildPhase;
			buildActionMask = 2147483647;
			files = (
			);
			runOnlyForDeploymentPostprocessing = 0;
		};
/* End PBXResourcesBuildPhase section */

/* Begin PBXShellScriptBuildPhase section */
		06E434182E6AA19200CD0826 /* Compile Kotlin */ = {
			isa = PBXShellScriptBuildPhase;
			buildActionMask = 2147483647;
			files = (
			);
			inputFileListPaths = (
			);
			inputPaths = (
			);
			name = "Compile Kotlin";
			outputFileListPaths = (
			);
			outputPaths = (
			);
			runOnlyForDeploymentPostprocessing = 0;
			shellPath = /bin/sh;
			shellScript = "# Type a script or drag a script file from your workspace to insert its path.\ncd \"$SRCROOT/..\"\n./gradlew :compose-ui:embedAndSignAppleFrameworkForXcode\n";
		};
/* End PBXShellScriptBuildPhase section */

/* Begin PBXSourcesBuildPhase section */
		06E433FA2E6A9A2600CD0826 /* Sources */ = {
			isa = PBXSourcesBuildPhase;
			buildActionMask = 2147483647;
			files = (
			);
			runOnlyForDeploymentPostprocessing = 0;
		};
/* End PBXSourcesBuildPhase section */

/* Begin XCBuildConfiguration section */
		06E434072E6A9A2700CD0826 /* Debug */ = {
			isa = XCBuildConfiguration;
			buildSettings = {
				ALWAYS_SEARCH_USER_PATHS = NO;
				ASSETCATALOG_COMPILER_GENERATE_SWIFT_ASSET_SYMBOL_EXTENSIONS = YES;
				CLANG_ANALYZER_NONNULL = YES;
				CLANG_ANALYZER_NUMBER_OBJECT_CONVERSION = YES_AGGRESSIVE;
				CLANG_CXX_LANGUAGE_STANDARD = "gnu++20";
				CLANG_ENABLE_MODULES = YES;
				CLANG_ENABLE_OBJC_ARC = YES;
				CLANG_ENABLE_OBJC_WEAK = YES;
				CLANG_WARN_BLOCK_CAPTURE_AUTORELEASING = YES;
				CLANG_WARN_BOOL_CONVERSION = YES;
				CLANG_WARN_COMMA = YES;
				CLANG_WARN_CONSTANT_CONVERSION = YES;
				CLANG_WARN_DEPRECATED_OBJC_IMPLEMENTATIONS = YES;
				CLANG_WARN_DIRECT_OBJC_ISA_USAGE = YES_ERROR;
				CLANG_WARN_DOCUMENTATION_COMMENTS = YES;
				CLANG_WARN_EMPTY_BODY = YES;
				CLANG_WARN_ENUM_CONVERSION = YES;
				CLANG_WARN_INFINITE_RECURSION = YES;
				CLANG_WARN_INT_CONVERSION = YES;
				CLANG_WARN_NON_LITERAL_NULL_CONVERSION = YES;
				CLANG_WARN_OBJC_IMPLICIT_RETAIN_SELF = YES;
				CLANG_WARN_OBJC_LITERAL_CONVERSION = YES;
				CLANG_WARN_OBJC_ROOT_CLASS = YES_ERROR;
				CLANG_WARN_QUOTED_INCLUDE_IN_FRAMEWORK_HEADER = YES;
				CLANG_WARN_RANGE_LOOP_ANALYSIS = YES;
				CLANG_WARN_STRICT_PROTOTYPES = YES;
				CLANG_WARN_SUSPICIOUS_MOVE = YES;
				CLANG_WARN_UNGUARDED_AVAILABILITY = YES_AGGRESSIVE;
				CLANG_WARN_UNREACHABLE_CODE = YES;
				CLANG_WARN__DUPLICATE_METHOD_MATCH = YES;
				COPY_PHASE_STRIP = NO;
				DEBUG_INFORMATION_FORMAT = dwarf;
				DEVELOPMENT_TEAM = 7LFDZ96332;
				ENABLE_STRICT_OBJC_MSGSEND = YES;
				ENABLE_TESTABILITY = YES;
				ENABLE_USER_SCRIPT_SANDBOXING = YES;
				GCC_C_LANGUAGE_STANDARD = gnu17;
				GCC_DYNAMIC_NO_PIC = NO;
				GCC_NO_COMMON_BLOCKS = YES;
				GCC_OPTIMIZATION_LEVEL = 0;
				GCC_PREPROCESSOR_DEFINITIONS = (
					"DEBUG=1",
					"$(inherited)",
				);
				GCC_WARN_64_TO_32_BIT_CONVERSION = YES;
				GCC_WARN_ABOUT_RETURN_TYPE = YES_ERROR;
				GCC_WARN_UNDECLARED_SELECTOR = YES;
				GCC_WARN_UNINITIALIZED_AUTOS = YES_AGGRESSIVE;
				GCC_WARN_UNUSED_FUNCTION = YES;
				GCC_WARN_UNUSED_VARIABLE = YES;
				IPHONEOS_DEPLOYMENT_TARGET = 26.0;
				LOCALIZATION_PREFERS_STRING_CATALOGS = YES;
				MTL_ENABLE_DEBUG_INFO = INCLUDE_SOURCE;
				MTL_FAST_MATH = YES;
				ONLY_ACTIVE_ARCH = YES;
				SDKROOT = iphoneos;
				STRING_CATALOG_GENERATE_SYMBOLS = YES;
				SWIFT_ACTIVE_COMPILATION_CONDITIONS = "DEBUG $(inherited)";
				SWIFT_EMIT_LOC_STRINGS = YES;
				SWIFT_OPTIMIZATION_LEVEL = "-Onone";
			};
			name = Debug;
		};
		06E434082E6A9A2700CD0826 /* Release */ = {
			isa = XCBuildConfiguration;
			buildSettings = {
				ALWAYS_SEARCH_USER_PATHS = NO;
				ASSETCATALOG_COMPILER_GENERATE_SWIFT_ASSET_SYMBOL_EXTENSIONS = YES;
				CLANG_ANALYZER_NONNULL = YES;
				CLANG_ANALYZER_NUMBER_OBJECT_CONVERSION = YES_AGGRESSIVE;
				CLANG_CXX_LANGUAGE_STANDARD = "gnu++20";
				CLANG_ENABLE_MODULES = YES;
				CLANG_ENABLE_OBJC_ARC = YES;
				CLANG_ENABLE_OBJC_WEAK = YES;
				CLANG_WARN_BLOCK_CAPTURE_AUTORELEASING = YES;
				CLANG_WARN_BOOL_CONVERSION = YES;
				CLANG_WARN_COMMA = YES;
				CLANG_WARN_CONSTANT_CONVERSION = YES;
				CLANG_WARN_DEPRECATED_OBJC_IMPLEMENTATIONS = YES;
				CLANG_WARN_DIRECT_OBJC_ISA_USAGE = YES_ERROR;
				CLANG_WARN_DOCUMENTATION_COMMENTS = YES;
				CLANG_WARN_EMPTY_BODY = YES;
				CLANG_WARN_ENUM_CONVERSION = YES;
				CLANG_WARN_INFINITE_RECURSION = YES;
				CLANG_WARN_INT_CONVERSION = YES;
				CLANG_WARN_NON_LITERAL_NULL_CONVERSION = YES;
				CLANG_WARN_OBJC_IMPLICIT_RETAIN_SELF = YES;
				CLANG_WARN_OBJC_LITERAL_CONVERSION = YES;
				CLANG_WARN_OBJC_ROOT_CLASS = YES_ERROR;
				CLANG_WARN_QUOTED_INCLUDE_IN_FRAMEWORK_HEADER = YES;
				CLANG_WARN_RANGE_LOOP_ANALYSIS = YES;
				CLANG_WARN_STRICT_PROTOTYPES = YES;
				CLANG_WARN_SUSPICIOUS_MOVE = YES;
				CLANG_WARN_UNGUARDED_AVAILABILITY = YES_AGGRESSIVE;
				CLANG_WARN_UNREACHABLE_CODE = YES;
				CLANG_WARN__DUPLICATE_METHOD_MATCH = YES;
				COPY_PHASE_STRIP = NO;
				DEBUG_INFORMATION_FORMAT = "dwarf-with-dsym";
				DEVELOPMENT_TEAM = 7LFDZ96332;
				ENABLE_NS_ASSERTIONS = NO;
				ENABLE_STRICT_OBJC_MSGSEND = YES;
				ENABLE_USER_SCRIPT_SANDBOXING = YES;
				GCC_C_LANGUAGE_STANDARD = gnu17;
				GCC_NO_COMMON_BLOCKS = YES;
				GCC_WARN_64_TO_32_BIT_CONVERSION = YES;
				GCC_WARN_ABOUT_RETURN_TYPE = YES_ERROR;
				GCC_WARN_UNDECLARED_SELECTOR = YES;
				GCC_WARN_UNINITIALIZED_AUTOS = YES_AGGRESSIVE;
				GCC_WARN_UNUSED_FUNCTION = YES;
				GCC_WARN_UNUSED_VARIABLE = YES;
				IPHONEOS_DEPLOYMENT_TARGET = 26.0;
				LOCALIZATION_PREFERS_STRING_CATALOGS = YES;
				MTL_ENABLE_DEBUG_INFO = NO;
				MTL_FAST_MATH = YES;
				SDKROOT = iphoneos;
				STRING_CATALOG_GENERATE_SYMBOLS = YES;
				SWIFT_COMPILATION_MODE = wholemodule;
				SWIFT_EMIT_LOC_STRINGS = YES;
				VALIDATE_PRODUCT = YES;
			};
			name = Release;
		};
		06E4340A2E6A9A2700CD0826 /* Debug */ = {
			isa = XCBuildConfiguration;
			buildSettings = {
				ASSETCATALOG_COMPILER_APPICON_NAME = AppIcon;
				ASSETCATALOG_COMPILER_GLOBAL_ACCENT_COLOR_NAME = AccentColor;
				ASSETCATALOG_COMPILER_INCLUDE_ALL_APPICON_ASSETS = NO;
				CODE_SIGN_STYLE = Automatic;
				CURRENT_PROJECT_VERSION = 11;
				DEVELOPMENT_TEAM = 7LFDZ96332;
				ENABLE_PREVIEWS = YES;
				ENABLE_USER_SCRIPT_SANDBOXING = NO;
				GENERATE_INFOPLIST_FILE = YES;
				INFOPLIST_FILE = flare/Info.plist;
				INFOPLIST_KEY_CFBundleDisplayName = Flare;
				INFOPLIST_KEY_ITSAppUsesNonExemptEncryption = NO;
				INFOPLIST_KEY_LSApplicationCategoryType = "public.app-category.social-networking";
				INFOPLIST_KEY_NSPhotoLibraryAddUsageDescription = "Flare requesting the ability to add to the photo library";
				INFOPLIST_KEY_UIApplicationSceneManifest_Generation = YES;
				INFOPLIST_KEY_UIApplicationSupportsIndirectInputEvents = YES;
				INFOPLIST_KEY_UILaunchScreen_Generation = YES;
				INFOPLIST_KEY_UISupportedInterfaceOrientations_iPad = "UIInterfaceOrientationPortrait UIInterfaceOrientationPortraitUpsideDown UIInterfaceOrientationLandscapeLeft UIInterfaceOrientationLandscapeRight";
				INFOPLIST_KEY_UISupportedInterfaceOrientations_iPhone = "UIInterfaceOrientationPortrait UIInterfaceOrientationLandscapeLeft UIInterfaceOrientationLandscapeRight";
				IPHONEOS_DEPLOYMENT_TARGET = 17.0;
				LD_RUNPATH_SEARCH_PATHS = (
					"$(inherited)",
					"@executable_path/Frameworks",
				);
				MARKETING_VERSION = 0.6.1;
				PRODUCT_BUNDLE_IDENTIFIER = dev.dimension.flare;
				PRODUCT_NAME = "$(TARGET_NAME)";
				STRING_CATALOG_GENERATE_SYMBOLS = YES;
				SWIFT_APPROACHABLE_CONCURRENCY = YES;
				SWIFT_DEFAULT_ACTOR_ISOLATION = MainActor;
				SWIFT_EMIT_LOC_STRINGS = YES;
				SWIFT_UPCOMING_FEATURE_MEMBER_IMPORT_VISIBILITY = YES;
				SWIFT_VERSION = 6.0;
				TARGETED_DEVICE_FAMILY = "1,2";
			};
			name = Debug;
		};
		06E4340B2E6A9A2700CD0826 /* Release */ = {
			isa = XCBuildConfiguration;
			buildSettings = {
				ASSETCATALOG_COMPILER_APPICON_NAME = AppIcon;
				ASSETCATALOG_COMPILER_GLOBAL_ACCENT_COLOR_NAME = AccentColor;
				ASSETCATALOG_COMPILER_INCLUDE_ALL_APPICON_ASSETS = NO;
				CODE_SIGN_STYLE = Automatic;
				CURRENT_PROJECT_VERSION = 11;
				DEVELOPMENT_TEAM = 7LFDZ96332;
				ENABLE_PREVIEWS = YES;
				ENABLE_USER_SCRIPT_SANDBOXING = NO;
				GENERATE_INFOPLIST_FILE = YES;
				INFOPLIST_FILE = flare/Info.plist;
				INFOPLIST_KEY_CFBundleDisplayName = Flare;
				INFOPLIST_KEY_ITSAppUsesNonExemptEncryption = NO;
				INFOPLIST_KEY_LSApplicationCategoryType = "public.app-category.social-networking";
				INFOPLIST_KEY_NSPhotoLibraryAddUsageDescription = "Flare requesting the ability to add to the photo library";
				INFOPLIST_KEY_UIApplicationSceneManifest_Generation = YES;
				INFOPLIST_KEY_UIApplicationSupportsIndirectInputEvents = YES;
				INFOPLIST_KEY_UILaunchScreen_Generation = YES;
				INFOPLIST_KEY_UISupportedInterfaceOrientations_iPad = "UIInterfaceOrientationPortrait UIInterfaceOrientationPortraitUpsideDown UIInterfaceOrientationLandscapeLeft UIInterfaceOrientationLandscapeRight";
				INFOPLIST_KEY_UISupportedInterfaceOrientations_iPhone = "UIInterfaceOrientationPortrait UIInterfaceOrientationLandscapeLeft UIInterfaceOrientationLandscapeRight";
				IPHONEOS_DEPLOYMENT_TARGET = 17.0;
				LD_RUNPATH_SEARCH_PATHS = (
					"$(inherited)",
					"@executable_path/Frameworks",
				);
				MARKETING_VERSION = 0.6.1;
				PRODUCT_BUNDLE_IDENTIFIER = dev.dimension.flare;
				PRODUCT_NAME = "$(TARGET_NAME)";
				STRING_CATALOG_GENERATE_SYMBOLS = YES;
				SWIFT_APPROACHABLE_CONCURRENCY = YES;
				SWIFT_DEFAULT_ACTOR_ISOLATION = MainActor;
				SWIFT_EMIT_LOC_STRINGS = YES;
				SWIFT_UPCOMING_FEATURE_MEMBER_IMPORT_VISIBILITY = YES;
				SWIFT_VERSION = 6.0;
				TARGETED_DEVICE_FAMILY = "1,2";
			};
			name = Release;
		};
/* End XCBuildConfiguration section */

/* Begin XCConfigurationList section */
		06E433F92E6A9A2600CD0826 /* Build configuration list for PBXProject "Flare" */ = {
			isa = XCConfigurationList;
			buildConfigurations = (
				06E434072E6A9A2700CD0826 /* Debug */,
				06E434082E6A9A2700CD0826 /* Release */,
			);
			defaultConfigurationIsVisible = 0;
			defaultConfigurationName = Release;
		};
		06E434092E6A9A2700CD0826 /* Build configuration list for PBXNativeTarget "Flare" */ = {
			isa = XCConfigurationList;
			buildConfigurations = (
				06E4340A2E6A9A2700CD0826 /* Debug */,
				06E4340B2E6A9A2700CD0826 /* Release */,
			);
			defaultConfigurationIsVisible = 0;
			defaultConfigurationName = Release;
		};
/* End XCConfigurationList section */

/* Begin XCRemoteSwiftPackageReference section */
		06310D6F2E96120700B6E081 /* XCRemoteSwiftPackageReference "VideoPlayer" */ = {
			isa = XCRemoteSwiftPackageReference;
			repositoryURL = "https://github.com/wxxsw/VideoPlayer";
			requirement = {
				kind = exactVersion;
				version = 1.2.5;
			};
		};
		0646B2602E7151A700535A3E /* XCRemoteSwiftPackageReference "Kingfisher" */ = {
			isa = XCRemoteSwiftPackageReference;
			repositoryURL = "https://github.com/onevcat/Kingfisher.git";
			requirement = {
				kind = exactVersion;
				version = 8.5.0;
			};
		};
		0672EE102E8689C70092AD1F /* XCRemoteSwiftPackageReference "Drops" */ = {
			isa = XCRemoteSwiftPackageReference;
			repositoryURL = "https://github.com/omaralbeik/Drops.git";
			requirement = {
				kind = exactVersion;
				version = 1.7.0;
			};
		};
		06791BD42E7AA40000FF2050 /* XCRemoteSwiftPackageReference "SwiftLintPlugins" */ = {
			isa = XCRemoteSwiftPackageReference;
			repositoryURL = "https://github.com/SimplyDanny/SwiftLintPlugins";
			requirement = {
				kind = exactVersion;
				version = 0.61.0;
			};
		};
		068923462E82A80700981D8E /* XCRemoteSwiftPackageReference "SwiftUI-Flow" */ = {
			isa = XCRemoteSwiftPackageReference;
			repositoryURL = "https://github.com/tevelee/SwiftUI-Flow";
			requirement = {
				kind = exactVersion;
				version = 3.1.1;
			};
		};
		068F7CCF2E75405A00B5FB40 /* XCRemoteSwiftPackageReference "swift-markdown-ui" */ = {
			isa = XCRemoteSwiftPackageReference;
			repositoryURL = "https://github.com/gonzalezreal/swift-markdown-ui";
			requirement = {
				kind = exactVersion;
				version = 2.4.1;
			};
		};
		06C6B5462E853AAF00CCD388 /* XCRemoteSwiftPackageReference "swiftui-introspect" */ = {
			isa = XCRemoteSwiftPackageReference;
			repositoryURL = "https://github.com/siteline/swiftui-introspect";
			requirement = {
				kind = exactVersion;
				version = 26.0.0;
			};
		};
		06C7FC152E7D474900A0D01A /* XCRemoteSwiftPackageReference "LazyPager" */ = {
			isa = XCRemoteSwiftPackageReference;
			repositoryURL = "https://github.com/gh123man/LazyPager";
			requirement = {
				kind = exactVersion;
				version = 1.2.0;
			};
		};
		06F36AAB2E8F7BEC00F5905F /* XCRemoteSwiftPackageReference "iOS-Backports" */ = {
			isa = XCRemoteSwiftPackageReference;
			repositoryURL = "https://github.com/superwall/iOS-Backports";
			requirement = {
				kind = exactVersion;
				version = 0.1.6;
			};
		};
/* End XCRemoteSwiftPackageReference section */

/* Begin XCSwiftPackageProductDependency section */
		06310D702E96120700B6E081 /* VideoPlayer */ = {
			isa = XCSwiftPackageProductDependency;
			package = 06310D6F2E96120700B6E081 /* XCRemoteSwiftPackageReference "VideoPlayer" */;
			productName = VideoPlayer;
		};
		0646B2612E7151A700535A3E /* Kingfisher */ = {
			isa = XCSwiftPackageProductDependency;
			package = 0646B2602E7151A700535A3E /* XCRemoteSwiftPackageReference "Kingfisher" */;
			productName = Kingfisher;
		};
		0672EE112E8689C70092AD1F /* Drops */ = {
			isa = XCSwiftPackageProductDependency;
			package = 0672EE102E8689C70092AD1F /* XCRemoteSwiftPackageReference "Drops" */;
			productName = Drops;
		};
		068923472E82A80700981D8E /* Flow */ = {
			isa = XCSwiftPackageProductDependency;
			package = 068923462E82A80700981D8E /* XCRemoteSwiftPackageReference "SwiftUI-Flow" */;
			productName = Flow;
		};
		068F7CD02E75405A00B5FB40 /* MarkdownUI */ = {
			isa = XCSwiftPackageProductDependency;
			package = 068F7CCF2E75405A00B5FB40 /* XCRemoteSwiftPackageReference "swift-markdown-ui" */;
			productName = MarkdownUI;
		};
		06C6B5472E853AAF00CCD388 /* SwiftUIIntrospect */ = {
			isa = XCSwiftPackageProductDependency;
			package = 06C6B5462E853AAF00CCD388 /* XCRemoteSwiftPackageReference "swiftui-introspect" */;
			productName = SwiftUIIntrospect;
		};
		06C7FC162E7D474900A0D01A /* LazyPager */ = {
			isa = XCSwiftPackageProductDependency;
			package = 06C7FC152E7D474900A0D01A /* XCRemoteSwiftPackageReference "LazyPager" */;
			productName = LazyPager;
		};
		06F36AAC2E8F7BEC00F5905F /* SwiftUIBackports */ = {
			isa = XCSwiftPackageProductDependency;
			package = 06F36AAB2E8F7BEC00F5905F /* XCRemoteSwiftPackageReference "iOS-Backports" */;
			productName = SwiftUIBackports;
		};
/* End XCSwiftPackageProductDependency section */
	};
	rootObject = 06E433F62E6A9A2600CD0826 /* Project object */;
}
