// !$*UTF8*$!
{
	archiveVersion = 1;
	classes = {
	};
	objectVersion = 56;
	objects = {

/* Begin PBXBuildFile section */
		2D0C6CC12AE2C31F00D8F733 /* ProfileEditView.swift in Sources */ = {isa = PBXBuildFile; fileRef = 2D0C6CC02AE2C31F00D8F733 /* ProfileEditView.swift */; };
		2D0C6CC32AE2C32E00D8F733 /* ProfileEditViewModel.swift in Sources */ = {isa = PBXBuildFile; fileRef = 2D0C6CC22AE2C32E00D8F733 /* ProfileEditViewModel.swift */; };
		2D58392B2AE006A700EC2C67 /* ChatBubbleView.swift in Sources */ = {isa = PBXBuildFile; fileRef = 2D58392A2AE006A700EC2C67 /* ChatBubbleView.swift */; };
		2D6173EA2AE011260089F1E7 /* Timestamp+Extensions.swift in Sources */ = {isa = PBXBuildFile; fileRef = 2D6173E92AE011250089F1E7 /* Timestamp+Extensions.swift */; };
		2D7CD6522ADEC894006DECA4 /* UserStatusDetailView.swift in Sources */ = {isa = PBXBuildFile; fileRef = 2D7CD6512ADEC894006DECA4 /* UserStatusDetailView.swift */; };
		2D89D9DC2AD9844200F20E91 /* FeedTabListView.swift in Sources */ = {isa = PBXBuildFile; fileRef = 2D89D9DB2AD9844200F20E91 /* FeedTabListView.swift */; };
		2D89D9DE2AD9846C00F20E91 /* FeedTabListViewModel.swift in Sources */ = {isa = PBXBuildFile; fileRef = 2D89D9DD2AD9846C00F20E91 /* FeedTabListViewModel.swift */; };
		2D89D9E02AD9955900F20E91 /* ChatViewModel.swift in Sources */ = {isa = PBXBuildFile; fileRef = 2D89D9DF2AD9955900F20E91 /* ChatViewModel.swift */; };
		2D9F42B92AE161DE000FD971 /* UserStatusDetailViewModel.swift in Sources */ = {isa = PBXBuildFile; fileRef = 2D9F42B82AE161DE000FD971 /* UserStatusDetailViewModel.swift */; };
		2D9F42BB2AE16912000FD971 /* FollowingUserListView.swift in Sources */ = {isa = PBXBuildFile; fileRef = 2D9F42BA2AE16912000FD971 /* FollowingUserListView.swift */; };
		2DC291462ADA2B7D006E9E23 /* ConversationsView.swift in Sources */ = {isa = PBXBuildFile; fileRef = 2DC291452ADA2B7D006E9E23 /* ConversationsView.swift */; };
		2DC291482ADA3D49006E9E23 /* Message.swift in Sources */ = {isa = PBXBuildFile; fileRef = 2DC291472ADA3D49006E9E23 /* Message.swift */; };
		2DC2914A2ADA3FC9006E9E23 /* ConversationsViewModel.swift in Sources */ = {isa = PBXBuildFile; fileRef = 2DC291492ADA3FC9006E9E23 /* ConversationsViewModel.swift */; };
		2DC2914C2ADA504C006E9E23 /* ConversationRowView.swift in Sources */ = {isa = PBXBuildFile; fileRef = 2DC2914B2ADA504C006E9E23 /* ConversationRowView.swift */; };
		2DC4D9432ADBBD4C0066FF02 /* NavigationHeaderView.swift in Sources */ = {isa = PBXBuildFile; fileRef = 2DC4D9422ADBBD4C0066FF02 /* NavigationHeaderView.swift */; };
		2DC4D9452ADBEB9C0066FF02 /* BlurView.swift in Sources */ = {isa = PBXBuildFile; fileRef = 2DC4D9442ADBEB9C0066FF02 /* BlurView.swift */; };
		2DC4D9472ADBF5B30066FF02 /* NewMessageView.swift in Sources */ = {isa = PBXBuildFile; fileRef = 2DC4D9462ADBF5B30066FF02 /* NewMessageView.swift */; };
		2DC4D9492ADC14F30066FF02 /* NewMessageViewModel.swift in Sources */ = {isa = PBXBuildFile; fileRef = 2DC4D9482ADC14F30066FF02 /* NewMessageViewModel.swift */; };
		2DD92B992AE3CEEA00252362 /* String+Extensions.swift in Sources */ = {isa = PBXBuildFile; fileRef = 2DD92B982AE3CEEA00252362 /* String+Extensions.swift */; };
		2DE08BE72ADAEBF900DAA3C4 /* NewTweetButton.swift in Sources */ = {isa = PBXBuildFile; fileRef = 2DE08BE62ADAEBF900DAA3C4 /* NewTweetButton.swift */; };
		2DF74F9D2AE552DD00DFBDD5 /* FollowStatusButton.swift in Sources */ = {isa = PBXBuildFile; fileRef = 2DF74F9C2AE552DD00DFBDD5 /* FollowStatusButton.swift */; };
		2DF74F9F2AE555B500DFBDD5 /* UserStatusRowView.swift in Sources */ = {isa = PBXBuildFile; fileRef = 2DF74F9E2AE555B500DFBDD5 /* UserStatusRowView.swift */; };
		2DF74FA12AE5576600DFBDD5 /* UserStatusRowViewModel.swift in Sources */ = {isa = PBXBuildFile; fileRef = 2DF74FA02AE5576600DFBDD5 /* UserStatusRowViewModel.swift */; };
		FF170EE32AD29E7800B90E2D /* PreviewProvider.swift in Sources */ = {isa = PBXBuildFile; fileRef = FF170EE22AD29E7800B90E2D /* PreviewProvider.swift */; };
		FF170EE52AD2A09E00B90E2D /* RegistrationViewModel.swift in Sources */ = {isa = PBXBuildFile; fileRef = FF170EE42AD2A09E00B90E2D /* RegistrationViewModel.swift */; };
		FF170EE82AD2A27D00B90E2D /* LoginViewModel.swift in Sources */ = {isa = PBXBuildFile; fileRef = FF170EE72AD2A27D00B90E2D /* LoginViewModel.swift */; };
		FF170EEA2AD2A84F00B90E2D /* ProfilePhotoSelectViewModel.swift in Sources */ = {isa = PBXBuildFile; fileRef = FF170EE92AD2A84F00B90E2D /* ProfilePhotoSelectViewModel.swift */; };
		FF170EEC2AD2D95000B90E2D /* EntryView.swift in Sources */ = {isa = PBXBuildFile; fileRef = FF170EEB2AD2D95000B90E2D /* EntryView.swift */; };
		FF170EEE2AD2D97900B90E2D /* EntryViewModel.swift in Sources */ = {isa = PBXBuildFile; fileRef = FF170EED2AD2D97900B90E2D /* EntryViewModel.swift */; };
		FF170EF02AD2DAB900B90E2D /* UIImage+Extensions.swift in Sources */ = {isa = PBXBuildFile; fileRef = FF170EEF2AD2DAB900B90E2D /* UIImage+Extensions.swift */; };
		FF170EF22AD2DB9700B90E2D /* View+Extensions.swift in Sources */ = {isa = PBXBuildFile; fileRef = FF170EF12AD2DB9700B90E2D /* View+Extensions.swift */; };
		FF170EF42AD2F2DB00B90E2D /* AuthHeaderView.swift in Sources */ = {isa = PBXBuildFile; fileRef = FF170EF32AD2F2DB00B90E2D /* AuthHeaderView.swift */; };
		FF2CB5892AC2DE4A007DAC1F /* TweetRowViewModel.swift in Sources */ = {isa = PBXBuildFile; fileRef = FF2CB5882AC2DE4A007DAC1F /* TweetRowViewModel.swift */; };
		FF2EE4E72ABECC61000522CF /* UserRowView.swift in Sources */ = {isa = PBXBuildFile; fileRef = FF2EE4E62ABECC61000522CF /* UserRowView.swift */; };
		FF2EE4EC2ABEF082000522CF /* SideMenuView.swift in Sources */ = {isa = PBXBuildFile; fileRef = FF2EE4EB2ABEF082000522CF /* SideMenuView.swift */; };
		FF2EE4EE2ABEF09C000522CF /* SideMenuRowView.swift in Sources */ = {isa = PBXBuildFile; fileRef = FF2EE4ED2ABEF09C000522CF /* SideMenuRowView.swift */; };
		FF2EE4F02ABEF0C3000522CF /* SideMenuViewModel.swift in Sources */ = {isa = PBXBuildFile; fileRef = FF2EE4EF2ABEF0C3000522CF /* SideMenuViewModel.swift */; };
		FF2EE4F22ABEF43A000522CF /* UserStatsView.swift in Sources */ = {isa = PBXBuildFile; fileRef = FF2EE4F12ABEF43A000522CF /* UserStatsView.swift */; };
		FF2EE4F42ABF0D5F000522CF /* SideMenuOptionRowView.swift in Sources */ = {isa = PBXBuildFile; fileRef = FF2EE4F32ABF0D5F000522CF /* SideMenuOptionRowView.swift */; };
		FF2EE4F92ABF144E000522CF /* NewTweetView.swift in Sources */ = {isa = PBXBuildFile; fileRef = FF2EE4F82ABF144E000522CF /* NewTweetView.swift */; };
		FF2EE4FB2ABF1C2F000522CF /* TextAreaView.swift in Sources */ = {isa = PBXBuildFile; fileRef = FF2EE4FA2ABF1C2F000522CF /* TextAreaView.swift */; };
		FF2EE5002ABF20B6000522CF /* LoginView.swift in Sources */ = {isa = PBXBuildFile; fileRef = FF2EE4FF2ABF20B6000522CF /* LoginView.swift */; };
		FF2EE5022ABF20C0000522CF /* RegistrationView.swift in Sources */ = {isa = PBXBuildFile; fileRef = FF2EE5012ABF20C0000522CF /* RegistrationView.swift */; };
		FF2EE5042ABF23EE000522CF /* RoundedShape.swift in Sources */ = {isa = PBXBuildFile; fileRef = FF2EE5032ABF23EE000522CF /* RoundedShape.swift */; };
		FF2EE5062ABFE4D7000522CF /* CustomTextField.swift in Sources */ = {isa = PBXBuildFile; fileRef = FF2EE5052ABFE4D7000522CF /* CustomTextField.swift */; };
		FF2EE50B2ABFE905000522CF /* AuthSubmitButton.swift in Sources */ = {isa = PBXBuildFile; fileRef = FF2EE50A2ABFE905000522CF /* AuthSubmitButton.swift */; };
		FF2EE50D2ABFF87A000522CF /* GoogleService-Info.plist in Resources */ = {isa = PBXBuildFile; fileRef = FF2EE50C2ABFF87A000522CF /* GoogleService-Info.plist */; };
		FF2EE5102ABFF904000522CF /* FirebaseAnalytics in Frameworks */ = {isa = PBXBuildFile; productRef = FF2EE50F2ABFF904000522CF /* FirebaseAnalytics */; };
		FF2EE5122ABFF904000522CF /* FirebaseAnalyticsOnDeviceConversion in Frameworks */ = {isa = PBXBuildFile; productRef = FF2EE5112ABFF904000522CF /* FirebaseAnalyticsOnDeviceConversion */; };
		FF2EE5142ABFF904000522CF /* FirebaseAnalyticsSwift in Frameworks */ = {isa = PBXBuildFile; productRef = FF2EE5132ABFF904000522CF /* FirebaseAnalyticsSwift */; };
		FF2EE5162ABFF904000522CF /* FirebaseAnalyticsWithoutAdIdSupport in Frameworks */ = {isa = PBXBuildFile; productRef = FF2EE5152ABFF904000522CF /* FirebaseAnalyticsWithoutAdIdSupport */; };
		FF2EE5182ABFF904000522CF /* FirebaseAppCheck in Frameworks */ = {isa = PBXBuildFile; productRef = FF2EE5172ABFF904000522CF /* FirebaseAppCheck */; };
		FF2EE51A2ABFF904000522CF /* FirebaseAppDistribution-Beta in Frameworks */ = {isa = PBXBuildFile; productRef = FF2EE5192ABFF904000522CF /* FirebaseAppDistribution-Beta */; };
		FF2EE51C2ABFF904000522CF /* FirebaseAuth in Frameworks */ = {isa = PBXBuildFile; productRef = FF2EE51B2ABFF904000522CF /* FirebaseAuth */; };
		FF2EE51E2ABFF904000522CF /* FirebaseAuthCombine-Community in Frameworks */ = {isa = PBXBuildFile; productRef = FF2EE51D2ABFF904000522CF /* FirebaseAuthCombine-Community */; };
		FF2EE5202ABFF904000522CF /* FirebaseCrashlytics in Frameworks */ = {isa = PBXBuildFile; productRef = FF2EE51F2ABFF904000522CF /* FirebaseCrashlytics */; };
		FF2EE5222ABFF904000522CF /* FirebaseDatabase in Frameworks */ = {isa = PBXBuildFile; productRef = FF2EE5212ABFF904000522CF /* FirebaseDatabase */; };
		FF2EE5242ABFF904000522CF /* FirebaseDatabaseSwift in Frameworks */ = {isa = PBXBuildFile; productRef = FF2EE5232ABFF904000522CF /* FirebaseDatabaseSwift */; };
		FF2EE5262ABFF904000522CF /* FirebaseDynamicLinks in Frameworks */ = {isa = PBXBuildFile; productRef = FF2EE5252ABFF904000522CF /* FirebaseDynamicLinks */; };
		FF2EE5282ABFF904000522CF /* FirebaseFirestore in Frameworks */ = {isa = PBXBuildFile; productRef = FF2EE5272ABFF904000522CF /* FirebaseFirestore */; };
		FF2EE52A2ABFF904000522CF /* FirebaseFirestoreCombine-Community in Frameworks */ = {isa = PBXBuildFile; productRef = FF2EE5292ABFF904000522CF /* FirebaseFirestoreCombine-Community */; };
		FF2EE52C2ABFF904000522CF /* FirebaseFirestoreSwift in Frameworks */ = {isa = PBXBuildFile; productRef = FF2EE52B2ABFF904000522CF /* FirebaseFirestoreSwift */; };
		FF2EE52E2ABFF904000522CF /* FirebaseFunctions in Frameworks */ = {isa = PBXBuildFile; productRef = FF2EE52D2ABFF904000522CF /* FirebaseFunctions */; };
		FF2EE5302ABFF904000522CF /* FirebaseFunctionsCombine-Community in Frameworks */ = {isa = PBXBuildFile; productRef = FF2EE52F2ABFF904000522CF /* FirebaseFunctionsCombine-Community */; };
		FF2EE5322ABFF904000522CF /* FirebaseInAppMessaging-Beta in Frameworks */ = {isa = PBXBuildFile; productRef = FF2EE5312ABFF904000522CF /* FirebaseInAppMessaging-Beta */; };
		FF2EE5342ABFF904000522CF /* FirebaseInAppMessagingSwift-Beta in Frameworks */ = {isa = PBXBuildFile; productRef = FF2EE5332ABFF904000522CF /* FirebaseInAppMessagingSwift-Beta */; };
		FF2EE5362ABFF904000522CF /* FirebaseInstallations in Frameworks */ = {isa = PBXBuildFile; productRef = FF2EE5352ABFF904000522CF /* FirebaseInstallations */; };
		FF2EE5382ABFF904000522CF /* FirebaseMLModelDownloader in Frameworks */ = {isa = PBXBuildFile; productRef = FF2EE5372ABFF904000522CF /* FirebaseMLModelDownloader */; };
		FF2EE53A2ABFF904000522CF /* FirebaseMessaging in Frameworks */ = {isa = PBXBuildFile; productRef = FF2EE5392ABFF904000522CF /* FirebaseMessaging */; };
		FF2EE53C2ABFF904000522CF /* FirebasePerformance in Frameworks */ = {isa = PBXBuildFile; productRef = FF2EE53B2ABFF904000522CF /* FirebasePerformance */; };
		FF2EE53E2ABFF904000522CF /* FirebaseRemoteConfig in Frameworks */ = {isa = PBXBuildFile; productRef = FF2EE53D2ABFF904000522CF /* FirebaseRemoteConfig */; };
		FF2EE5402ABFF904000522CF /* FirebaseRemoteConfigSwift in Frameworks */ = {isa = PBXBuildFile; productRef = FF2EE53F2ABFF904000522CF /* FirebaseRemoteConfigSwift */; };
		FF2EE5422ABFF904000522CF /* FirebaseStorage in Frameworks */ = {isa = PBXBuildFile; productRef = FF2EE5412ABFF904000522CF /* FirebaseStorage */; };
		FF2EE5442ABFF904000522CF /* FirebaseStorageCombine-Community in Frameworks */ = {isa = PBXBuildFile; productRef = FF2EE5432ABFF904000522CF /* FirebaseStorageCombine-Community */; };
		FF2EE5462ABFFB4B000522CF /* AuthService.swift in Sources */ = {isa = PBXBuildFile; fileRef = FF2EE5452ABFFB4B000522CF /* AuthService.swift */; };
		FF2EE5482AC01614000522CF /* ProfilePhotoSelectView.swift in Sources */ = {isa = PBXBuildFile; fileRef = FF2EE5472AC01614000522CF /* ProfilePhotoSelectView.swift */; };
		FF44B9202ABC8117005B87F4 /* TwitterSwiftUIApp.swift in Sources */ = {isa = PBXBuildFile; fileRef = FF44B91F2ABC8117005B87F4 /* TwitterSwiftUIApp.swift */; };
		FF44B9222ABC8117005B87F4 /* ContentView.swift in Sources */ = {isa = PBXBuildFile; fileRef = FF44B9212ABC8117005B87F4 /* ContentView.swift */; };
		FF44B9242ABC8118005B87F4 /* Assets.xcassets in Resources */ = {isa = PBXBuildFile; fileRef = FF44B9232ABC8118005B87F4 /* Assets.xcassets */; };
		FF44B9282ABC8118005B87F4 /* Preview Assets.xcassets in Resources */ = {isa = PBXBuildFile; fileRef = FF44B9272ABC8118005B87F4 /* Preview Assets.xcassets */; };
		FF44B9372ABC8257005B87F4 /* FeedView.swift in Sources */ = {isa = PBXBuildFile; fileRef = FF44B9362ABC8257005B87F4 /* FeedView.swift */; };
		FF44B93A2ABC85FC005B87F4 /* TweetRowView.swift in Sources */ = {isa = PBXBuildFile; fileRef = FF44B9392ABC85FC005B87F4 /* TweetRowView.swift */; };
		FF44B93D2ABC8A97005B87F4 /* MainTabView.swift in Sources */ = {isa = PBXBuildFile; fileRef = FF44B93C2ABC8A97005B87F4 /* MainTabView.swift */; };
		FF44B9432ABC8BEE005B87F4 /* ExploreView.swift in Sources */ = {isa = PBXBuildFile; fileRef = FF44B9422ABC8BEE005B87F4 /* ExploreView.swift */; };
		FF44B9452ABC8C0D005B87F4 /* NotificationsView.swift in Sources */ = {isa = PBXBuildFile; fileRef = FF44B9442ABC8C0D005B87F4 /* NotificationsView.swift */; };
		FF44B9472ABC8C21005B87F4 /* ChatView.swift in Sources */ = {isa = PBXBuildFile; fileRef = FF44B9462ABC8C21005B87F4 /* ChatView.swift */; };
		FF44B94B2ABC8D6A005B87F4 /* ProfileView.swift in Sources */ = {isa = PBXBuildFile; fileRef = FF44B94A2ABC8D6A005B87F4 /* ProfileView.swift */; };
		FF4C5D7B2AD289E4003F3E90 /* MainTabBarViewModel.swift in Sources */ = {isa = PBXBuildFile; fileRef = FF4C5D7A2AD289E4003F3E90 /* MainTabBarViewModel.swift */; };
		FF5F92742ABEC64E00A33B9C /* ProfileTweetsTabType.swift in Sources */ = {isa = PBXBuildFile; fileRef = FF5F92732ABEC64E00A33B9C /* ProfileTweetsTabType.swift */; };
		FF63590A2AD7E2E500A7B114 /* PagerTabView.swift in Sources */ = {isa = PBXBuildFile; fileRef = FF6359092AD7E2E500A7B114 /* PagerTabView.swift */; };
		FF63590C2AD7E84800A7B114 /* TweetListView.swift in Sources */ = {isa = PBXBuildFile; fileRef = FF63590B2AD7E84800A7B114 /* TweetListView.swift */; };
		FF63590E2AD7EA6700A7B114 /* TweetListViewModel.swift in Sources */ = {isa = PBXBuildFile; fileRef = FF63590D2AD7EA6700A7B114 /* TweetListViewModel.swift */; };
		FF9A90192AD2998100874BC5 /* ContentViewModel.swift in Sources */ = {isa = PBXBuildFile; fileRef = FF9A90182AD2998100874BC5 /* ContentViewModel.swift */; };
		FFACF2B22AC1519E00A2C911 /* ExploreViewModel.swift in Sources */ = {isa = PBXBuildFile; fileRef = FFACF2B12AC1519E00A2C911 /* ExploreViewModel.swift */; };
		FFACF2B42AC15A3400A2C911 /* SearchBar.swift in Sources */ = {isa = PBXBuildFile; fileRef = FFACF2B32AC15A3400A2C911 /* SearchBar.swift */; };
		FFACF2B62AC1937A00A2C911 /* TweetService.swift in Sources */ = {isa = PBXBuildFile; fileRef = FFACF2B52AC1937A00A2C911 /* TweetService.swift */; };
		FFACF2B82AC1A53600A2C911 /* NewTweetViewModel.swift in Sources */ = {isa = PBXBuildFile; fileRef = FFACF2B72AC1A53600A2C911 /* NewTweetViewModel.swift */; };
		FFACF2BA2AC1A78400A2C911 /* FeedViewModel.swift in Sources */ = {isa = PBXBuildFile; fileRef = FFACF2B92AC1A78400A2C911 /* FeedViewModel.swift */; };
		FFACF2BC2AC1A82C00A2C911 /* Tweet.swift in Sources */ = {isa = PBXBuildFile; fileRef = FFACF2BB2AC1A82C00A2C911 /* Tweet.swift */; };
		FFACF2BE2AC1BD2A00A2C911 /* ProfileViewModel.swift in Sources */ = {isa = PBXBuildFile; fileRef = FFACF2BD2AC1BD2A00A2C911 /* ProfileViewModel.swift */; };
		FFFB5D582AC0210600817497 /* ImagePicker.swift in Sources */ = {isa = PBXBuildFile; fileRef = FFFB5D572AC0210600817497 /* ImagePicker.swift */; };
		FFFB5D5A2AC045D600817497 /* ImageUploader.swift in Sources */ = {isa = PBXBuildFile; fileRef = FFFB5D592AC045D600817497 /* ImageUploader.swift */; };
		FFFB5D5C2AC0504C00817497 /* UserService.swift in Sources */ = {isa = PBXBuildFile; fileRef = FFFB5D5B2AC0504C00817497 /* UserService.swift */; };
		FFFB5D5E2AC052E000817497 /* User.swift in Sources */ = {isa = PBXBuildFile; fileRef = FFFB5D5D2AC052E000817497 /* User.swift */; };
		FFFB5D612AC055F400817497 /* Kingfisher in Frameworks */ = {isa = PBXBuildFile; productRef = FFFB5D602AC055F400817497 /* Kingfisher */; };
/* End PBXBuildFile section */

/* Begin PBXFileReference section */
		2D0C6CC02AE2C31F00D8F733 /* ProfileEditView.swift */ = {isa = PBXFileReference; lastKnownFileType = sourcecode.swift; path = ProfileEditView.swift; sourceTree = "<group>"; };
		2D0C6CC22AE2C32E00D8F733 /* ProfileEditViewModel.swift */ = {isa = PBXFileReference; lastKnownFileType = sourcecode.swift; path = ProfileEditViewModel.swift; sourceTree = "<group>"; };
		2D58392A2AE006A700EC2C67 /* ChatBubbleView.swift */ = {isa = PBXFileReference; lastKnownFileType = sourcecode.swift; path = ChatBubbleView.swift; sourceTree = "<group>"; };
		2D6173E92AE011250089F1E7 /* Timestamp+Extensions.swift */ = {isa = PBXFileReference; lastKnownFileType = sourcecode.swift; path = "Timestamp+Extensions.swift"; sourceTree = "<group>"; };
		2D7CD6512ADEC894006DECA4 /* UserStatusDetailView.swift */ = {isa = PBXFileReference; lastKnownFileType = sourcecode.swift; path = UserStatusDetailView.swift; sourceTree = "<group>"; };
		2D89D9DB2AD9844200F20E91 /* FeedTabListView.swift */ = {isa = PBXFileReference; lastKnownFileType = sourcecode.swift; path = FeedTabListView.swift; sourceTree = "<group>"; };
		2D89D9DD2AD9846C00F20E91 /* FeedTabListViewModel.swift */ = {isa = PBXFileReference; lastKnownFileType = sourcecode.swift; path = FeedTabListViewModel.swift; sourceTree = "<group>"; };
		2D89D9DF2AD9955900F20E91 /* ChatViewModel.swift */ = {isa = PBXFileReference; lastKnownFileType = sourcecode.swift; path = ChatViewModel.swift; sourceTree = "<group>"; };
		2D9F42B82AE161DE000FD971 /* UserStatusDetailViewModel.swift */ = {isa = PBXFileReference; lastKnownFileType = sourcecode.swift; path = UserStatusDetailViewModel.swift; sourceTree = "<group>"; };
		2D9F42BA2AE16912000FD971 /* FollowingUserListView.swift */ = {isa = PBXFileReference; lastKnownFileType = sourcecode.swift; path = FollowingUserListView.swift; sourceTree = "<group>"; };
		2DC291452ADA2B7D006E9E23 /* ConversationsView.swift */ = {isa = PBXFileReference; lastKnownFileType = sourcecode.swift; path = ConversationsView.swift; sourceTree = "<group>"; };
		2DC291472ADA3D49006E9E23 /* Message.swift */ = {isa = PBXFileReference; lastKnownFileType = sourcecode.swift; path = Message.swift; sourceTree = "<group>"; };
		2DC291492ADA3FC9006E9E23 /* ConversationsViewModel.swift */ = {isa = PBXFileReference; lastKnownFileType = sourcecode.swift; path = ConversationsViewModel.swift; sourceTree = "<group>"; };
		2DC2914B2ADA504C006E9E23 /* ConversationRowView.swift */ = {isa = PBXFileReference; lastKnownFileType = sourcecode.swift; path = ConversationRowView.swift; sourceTree = "<group>"; };
		2DC4D9422ADBBD4C0066FF02 /* NavigationHeaderView.swift */ = {isa = PBXFileReference; lastKnownFileType = sourcecode.swift; path = NavigationHeaderView.swift; sourceTree = "<group>"; };
		2DC4D9442ADBEB9C0066FF02 /* BlurView.swift */ = {isa = PBXFileReference; lastKnownFileType = sourcecode.swift; path = BlurView.swift; sourceTree = "<group>"; };
		2DC4D9462ADBF5B30066FF02 /* NewMessageView.swift */ = {isa = PBXFileReference; lastKnownFileType = sourcecode.swift; path = NewMessageView.swift; sourceTree = "<group>"; };
		2DC4D9482ADC14F30066FF02 /* NewMessageViewModel.swift */ = {isa = PBXFileReference; lastKnownFileType = sourcecode.swift; path = NewMessageViewModel.swift; sourceTree = "<group>"; };
		2DD92B982AE3CEEA00252362 /* String+Extensions.swift */ = {isa = PBXFileReference; lastKnownFileType = sourcecode.swift; path = "String+Extensions.swift"; sourceTree = "<group>"; };
		2DE08BE62ADAEBF900DAA3C4 /* NewTweetButton.swift */ = {isa = PBXFileReference; lastKnownFileType = sourcecode.swift; path = NewTweetButton.swift; sourceTree = "<group>"; };
		2DF74F9C2AE552DD00DFBDD5 /* FollowStatusButton.swift */ = {isa = PBXFileReference; lastKnownFileType = sourcecode.swift; path = FollowStatusButton.swift; sourceTree = "<group>"; };
		2DF74F9E2AE555B500DFBDD5 /* UserStatusRowView.swift */ = {isa = PBXFileReference; lastKnownFileType = sourcecode.swift; path = UserStatusRowView.swift; sourceTree = "<group>"; };
		2DF74FA02AE5576600DFBDD5 /* UserStatusRowViewModel.swift */ = {isa = PBXFileReference; lastKnownFileType = sourcecode.swift; path = UserStatusRowViewModel.swift; sourceTree = "<group>"; };
		FF170EE22AD29E7800B90E2D /* PreviewProvider.swift */ = {isa = PBXFileReference; lastKnownFileType = sourcecode.swift; path = PreviewProvider.swift; sourceTree = "<group>"; };
		FF170EE42AD2A09E00B90E2D /* RegistrationViewModel.swift */ = {isa = PBXFileReference; lastKnownFileType = sourcecode.swift; path = RegistrationViewModel.swift; sourceTree = "<group>"; };
		FF170EE72AD2A27D00B90E2D /* LoginViewModel.swift */ = {isa = PBXFileReference; lastKnownFileType = sourcecode.swift; path = LoginViewModel.swift; sourceTree = "<group>"; };
		FF170EE92AD2A84F00B90E2D /* ProfilePhotoSelectViewModel.swift */ = {isa = PBXFileReference; lastKnownFileType = sourcecode.swift; path = ProfilePhotoSelectViewModel.swift; sourceTree = "<group>"; };
		FF170EEB2AD2D95000B90E2D /* EntryView.swift */ = {isa = PBXFileReference; lastKnownFileType = sourcecode.swift; path = EntryView.swift; sourceTree = "<group>"; };
		FF170EED2AD2D97900B90E2D /* EntryViewModel.swift */ = {isa = PBXFileReference; lastKnownFileType = sourcecode.swift; path = EntryViewModel.swift; sourceTree = "<group>"; };
		FF170EEF2AD2DAB900B90E2D /* UIImage+Extensions.swift */ = {isa = PBXFileReference; lastKnownFileType = sourcecode.swift; path = "UIImage+Extensions.swift"; sourceTree = "<group>"; };
		FF170EF12AD2DB9700B90E2D /* View+Extensions.swift */ = {isa = PBXFileReference; lastKnownFileType = sourcecode.swift; path = "View+Extensions.swift"; sourceTree = "<group>"; };
		FF170EF32AD2F2DB00B90E2D /* AuthHeaderView.swift */ = {isa = PBXFileReference; lastKnownFileType = sourcecode.swift; path = AuthHeaderView.swift; sourceTree = "<group>"; };
		FF2CB5882AC2DE4A007DAC1F /* TweetRowViewModel.swift */ = {isa = PBXFileReference; lastKnownFileType = sourcecode.swift; path = TweetRowViewModel.swift; sourceTree = "<group>"; };
		FF2EE4E62ABECC61000522CF /* UserRowView.swift */ = {isa = PBXFileReference; lastKnownFileType = sourcecode.swift; path = UserRowView.swift; sourceTree = "<group>"; };
		FF2EE4EB2ABEF082000522CF /* SideMenuView.swift */ = {isa = PBXFileReference; lastKnownFileType = sourcecode.swift; path = SideMenuView.swift; sourceTree = "<group>"; };
		FF2EE4ED2ABEF09C000522CF /* SideMenuRowView.swift */ = {isa = PBXFileReference; lastKnownFileType = sourcecode.swift; path = SideMenuRowView.swift; sourceTree = "<group>"; };
		FF2EE4EF2ABEF0C3000522CF /* SideMenuViewModel.swift */ = {isa = PBXFileReference; lastKnownFileType = sourcecode.swift; path = SideMenuViewModel.swift; sourceTree = "<group>"; };
		FF2EE4F12ABEF43A000522CF /* UserStatsView.swift */ = {isa = PBXFileReference; lastKnownFileType = sourcecode.swift; path = UserStatsView.swift; sourceTree = "<group>"; };
		FF2EE4F32ABF0D5F000522CF /* SideMenuOptionRowView.swift */ = {isa = PBXFileReference; lastKnownFileType = sourcecode.swift; path = SideMenuOptionRowView.swift; sourceTree = "<group>"; };
		FF2EE4F82ABF144E000522CF /* NewTweetView.swift */ = {isa = PBXFileReference; lastKnownFileType = sourcecode.swift; path = NewTweetView.swift; sourceTree = "<group>"; };
		FF2EE4FA2ABF1C2F000522CF /* TextAreaView.swift */ = {isa = PBXFileReference; lastKnownFileType = sourcecode.swift; path = TextAreaView.swift; sourceTree = "<group>"; };
		FF2EE4FF2ABF20B6000522CF /* LoginView.swift */ = {isa = PBXFileReference; lastKnownFileType = sourcecode.swift; path = LoginView.swift; sourceTree = "<group>"; };
		FF2EE5012ABF20C0000522CF /* RegistrationView.swift */ = {isa = PBXFileReference; lastKnownFileType = sourcecode.swift; path = RegistrationView.swift; sourceTree = "<group>"; };
		FF2EE5032ABF23EE000522CF /* RoundedShape.swift */ = {isa = PBXFileReference; lastKnownFileType = sourcecode.swift; path = RoundedShape.swift; sourceTree = "<group>"; };
		FF2EE5052ABFE4D7000522CF /* CustomTextField.swift */ = {isa = PBXFileReference; lastKnownFileType = sourcecode.swift; path = CustomTextField.swift; sourceTree = "<group>"; };
		FF2EE50A2ABFE905000522CF /* AuthSubmitButton.swift */ = {isa = PBXFileReference; lastKnownFileType = sourcecode.swift; path = AuthSubmitButton.swift; sourceTree = "<group>"; };
		FF2EE50C2ABFF87A000522CF /* GoogleService-Info.plist */ = {isa = PBXFileReference; fileEncoding = 4; lastKnownFileType = text.plist.xml; path = "GoogleService-Info.plist"; sourceTree = "<group>"; };
		FF2EE5452ABFFB4B000522CF /* AuthService.swift */ = {isa = PBXFileReference; lastKnownFileType = sourcecode.swift; path = AuthService.swift; sourceTree = "<group>"; };
		FF2EE5472AC01614000522CF /* ProfilePhotoSelectView.swift */ = {isa = PBXFileReference; lastKnownFileType = sourcecode.swift; path = ProfilePhotoSelectView.swift; sourceTree = "<group>"; };
		FF44B91C2ABC8117005B87F4 /* TwitterSwiftUI.app */ = {isa = PBXFileReference; explicitFileType = wrapper.application; includeInIndex = 0; path = TwitterSwiftUI.app; sourceTree = BUILT_PRODUCTS_DIR; };
		FF44B91F2ABC8117005B87F4 /* TwitterSwiftUIApp.swift */ = {isa = PBXFileReference; lastKnownFileType = sourcecode.swift; path = TwitterSwiftUIApp.swift; sourceTree = "<group>"; };
		FF44B9212ABC8117005B87F4 /* ContentView.swift */ = {isa = PBXFileReference; lastKnownFileType = sourcecode.swift; path = ContentView.swift; sourceTree = "<group>"; };
		FF44B9232ABC8118005B87F4 /* Assets.xcassets */ = {isa = PBXFileReference; lastKnownFileType = folder.assetcatalog; path = Assets.xcassets; sourceTree = "<group>"; };
		FF44B9252ABC8118005B87F4 /* TwitterSwiftUI.entitlements */ = {isa = PBXFileReference; lastKnownFileType = text.plist.entitlements; path = TwitterSwiftUI.entitlements; sourceTree = "<group>"; };
		FF44B9272ABC8118005B87F4 /* Preview Assets.xcassets */ = {isa = PBXFileReference; lastKnownFileType = folder.assetcatalog; path = "Preview Assets.xcassets"; sourceTree = "<group>"; };
		FF44B9362ABC8257005B87F4 /* FeedView.swift */ = {isa = PBXFileReference; lastKnownFileType = sourcecode.swift; path = FeedView.swift; sourceTree = "<group>"; };
		FF44B9392ABC85FC005B87F4 /* TweetRowView.swift */ = {isa = PBXFileReference; lastKnownFileType = sourcecode.swift; path = TweetRowView.swift; sourceTree = "<group>"; };
		FF44B93C2ABC8A97005B87F4 /* MainTabView.swift */ = {isa = PBXFileReference; lastKnownFileType = sourcecode.swift; path = MainTabView.swift; sourceTree = "<group>"; };
		FF44B9422ABC8BEE005B87F4 /* ExploreView.swift */ = {isa = PBXFileReference; lastKnownFileType = sourcecode.swift; path = ExploreView.swift; sourceTree = "<group>"; };
		FF44B9442ABC8C0D005B87F4 /* NotificationsView.swift */ = {isa = PBXFileReference; lastKnownFileType = sourcecode.swift; path = NotificationsView.swift; sourceTree = "<group>"; };
		FF44B9462ABC8C21005B87F4 /* ChatView.swift */ = {isa = PBXFileReference; lastKnownFileType = sourcecode.swift; path = ChatView.swift; sourceTree = "<group>"; };
		FF44B94A2ABC8D6A005B87F4 /* ProfileView.swift */ = {isa = PBXFileReference; lastKnownFileType = sourcecode.swift; path = ProfileView.swift; sourceTree = "<group>"; };
		FF4C5D7A2AD289E4003F3E90 /* MainTabBarViewModel.swift */ = {isa = PBXFileReference; lastKnownFileType = sourcecode.swift; path = MainTabBarViewModel.swift; sourceTree = "<group>"; };
		FF5F92732ABEC64E00A33B9C /* ProfileTweetsTabType.swift */ = {isa = PBXFileReference; lastKnownFileType = sourcecode.swift; path = ProfileTweetsTabType.swift; sourceTree = "<group>"; };
		FF6359092AD7E2E500A7B114 /* PagerTabView.swift */ = {isa = PBXFileReference; lastKnownFileType = sourcecode.swift; path = PagerTabView.swift; sourceTree = "<group>"; };
		FF63590B2AD7E84800A7B114 /* TweetListView.swift */ = {isa = PBXFileReference; lastKnownFileType = sourcecode.swift; path = TweetListView.swift; sourceTree = "<group>"; };
		FF63590D2AD7EA6700A7B114 /* TweetListViewModel.swift */ = {isa = PBXFileReference; lastKnownFileType = sourcecode.swift; path = TweetListViewModel.swift; sourceTree = "<group>"; };
		FF9A90182AD2998100874BC5 /* ContentViewModel.swift */ = {isa = PBXFileReference; lastKnownFileType = sourcecode.swift; path = ContentViewModel.swift; sourceTree = "<group>"; };
		FFACF2B12AC1519E00A2C911 /* ExploreViewModel.swift */ = {isa = PBXFileReference; lastKnownFileType = sourcecode.swift; path = ExploreViewModel.swift; sourceTree = "<group>"; };
		FFACF2B32AC15A3400A2C911 /* SearchBar.swift */ = {isa = PBXFileReference; lastKnownFileType = sourcecode.swift; path = SearchBar.swift; sourceTree = "<group>"; };
		FFACF2B52AC1937A00A2C911 /* TweetService.swift */ = {isa = PBXFileReference; lastKnownFileType = sourcecode.swift; path = TweetService.swift; sourceTree = "<group>"; };
		FFACF2B72AC1A53600A2C911 /* NewTweetViewModel.swift */ = {isa = PBXFileReference; lastKnownFileType = sourcecode.swift; path = NewTweetViewModel.swift; sourceTree = "<group>"; };
		FFACF2B92AC1A78400A2C911 /* FeedViewModel.swift */ = {isa = PBXFileReference; lastKnownFileType = sourcecode.swift; path = FeedViewModel.swift; sourceTree = "<group>"; };
		FFACF2BB2AC1A82C00A2C911 /* Tweet.swift */ = {isa = PBXFileReference; lastKnownFileType = sourcecode.swift; path = Tweet.swift; sourceTree = "<group>"; };
		FFACF2BD2AC1BD2A00A2C911 /* ProfileViewModel.swift */ = {isa = PBXFileReference; lastKnownFileType = sourcecode.swift; path = ProfileViewModel.swift; sourceTree = "<group>"; };
		FFFB5D572AC0210600817497 /* ImagePicker.swift */ = {isa = PBXFileReference; lastKnownFileType = sourcecode.swift; path = ImagePicker.swift; sourceTree = "<group>"; };
		FFFB5D592AC045D600817497 /* ImageUploader.swift */ = {isa = PBXFileReference; lastKnownFileType = sourcecode.swift; path = ImageUploader.swift; sourceTree = "<group>"; };
		FFFB5D5B2AC0504C00817497 /* UserService.swift */ = {isa = PBXFileReference; lastKnownFileType = sourcecode.swift; path = UserService.swift; sourceTree = "<group>"; };
		FFFB5D5D2AC052E000817497 /* User.swift */ = {isa = PBXFileReference; lastKnownFileType = sourcecode.swift; path = User.swift; sourceTree = "<group>"; };
/* End PBXFileReference section */

/* Begin PBXFrameworksBuildPhase section */
		FF44B9192ABC8117005B87F4 /* Frameworks */ = {
			isa = PBXFrameworksBuildPhase;
			buildActionMask = 2147483647;
			files = (
				FF2EE5222ABFF904000522CF /* FirebaseDatabase in Frameworks */,
				FF2EE5302ABFF904000522CF /* FirebaseFunctionsCombine-Community in Frameworks */,
				FF2EE5282ABFF904000522CF /* FirebaseFirestore in Frameworks */,
				FF2EE5142ABFF904000522CF /* FirebaseAnalyticsSwift in Frameworks */,
				FF2EE5102ABFF904000522CF /* FirebaseAnalytics in Frameworks */,
				FF2EE5122ABFF904000522CF /* FirebaseAnalyticsOnDeviceConversion in Frameworks */,
				FF2EE5382ABFF904000522CF /* FirebaseMLModelDownloader in Frameworks */,
				FF2EE52C2ABFF904000522CF /* FirebaseFirestoreSwift in Frameworks */,
				FF2EE5182ABFF904000522CF /* FirebaseAppCheck in Frameworks */,
				FF2EE5162ABFF904000522CF /* FirebaseAnalyticsWithoutAdIdSupport in Frameworks */,
				FF2EE51C2ABFF904000522CF /* FirebaseAuth in Frameworks */,
				FF2EE5202ABFF904000522CF /* FirebaseCrashlytics in Frameworks */,
				FF2EE5402ABFF904000522CF /* FirebaseRemoteConfigSwift in Frameworks */,
				FF2EE5322ABFF904000522CF /* FirebaseInAppMessaging-Beta in Frameworks */,
				FF2EE5242ABFF904000522CF /* FirebaseDatabaseSwift in Frameworks */,
				FF2EE52E2ABFF904000522CF /* FirebaseFunctions in Frameworks */,
				FFFB5D612AC055F400817497 /* Kingfisher in Frameworks */,
				FF2EE5442ABFF904000522CF /* FirebaseStorageCombine-Community in Frameworks */,
				FF2EE53E2ABFF904000522CF /* FirebaseRemoteConfig in Frameworks */,
				FF2EE51A2ABFF904000522CF /* FirebaseAppDistribution-Beta in Frameworks */,
				FF2EE51E2ABFF904000522CF /* FirebaseAuthCombine-Community in Frameworks */,
				FF2EE53C2ABFF904000522CF /* FirebasePerformance in Frameworks */,
				FF2EE5342ABFF904000522CF /* FirebaseInAppMessagingSwift-Beta in Frameworks */,
				FF2EE5422ABFF904000522CF /* FirebaseStorage in Frameworks */,
				FF2EE5262ABFF904000522CF /* FirebaseDynamicLinks in Frameworks */,
				FF2EE52A2ABFF904000522CF /* FirebaseFirestoreCombine-Community in Frameworks */,
				FF2EE53A2ABFF904000522CF /* FirebaseMessaging in Frameworks */,
				FF2EE5362ABFF904000522CF /* FirebaseInstallations in Frameworks */,
			);
			runOnlyForDeploymentPostprocessing = 0;
		};
/* End PBXFrameworksBuildPhase section */

/* Begin PBXGroup section */
		FF170EE62AD2A27200B90E2D /* ViewModel */ = {
			isa = PBXGroup;
			children = (
				FF170EE42AD2A09E00B90E2D /* RegistrationViewModel.swift */,
				FF170EE72AD2A27D00B90E2D /* LoginViewModel.swift */,
				FF170EE92AD2A84F00B90E2D /* ProfilePhotoSelectViewModel.swift */,
				FF170EED2AD2D97900B90E2D /* EntryViewModel.swift */,
			);
			path = ViewModel;
			sourceTree = "<group>";
		};
		FF2CB5862AC2DE18007DAC1F /* ViewModel */ = {
			isa = PBXGroup;
			children = (
				FF2CB5882AC2DE4A007DAC1F /* TweetRowViewModel.swift */,
			);
			path = ViewModel;
			sourceTree = "<group>";
		};
		FF2CB5872AC2DE26007DAC1F /* Views */ = {
			isa = PBXGroup;
			children = (
				FF44B9392ABC85FC005B87F4 /* TweetRowView.swift */,
			);
			path = Views;
			sourceTree = "<group>";
		};
		FF2EE4E22ABECC13000522CF /* View */ = {
			isa = PBXGroup;
			children = (
				FF44B9422ABC8BEE005B87F4 /* ExploreView.swift */,
			);
			path = View;
			sourceTree = "<group>";
		};
		FF2EE4E32ABECC1C000522CF /* ViewModel */ = {
			isa = PBXGroup;
			children = (
				FFACF2B12AC1519E00A2C911 /* ExploreViewModel.swift */,
			);
			path = ViewModel;
			sourceTree = "<group>";
		};
		FF2EE4E42ABECC40000522CF /* Users */ = {
			isa = PBXGroup;
			children = (
				FF2EE4E62ABECC61000522CF /* UserRowView.swift */,
				FF2EE4F12ABEF43A000522CF /* UserStatsView.swift */,
				2D7CD6512ADEC894006DECA4 /* UserStatusDetailView.swift */,
				2D9F42B82AE161DE000FD971 /* UserStatusDetailViewModel.swift */,
				2D9F42BA2AE16912000FD971 /* FollowingUserListView.swift */,
				2DF74F9E2AE555B500DFBDD5 /* UserStatusRowView.swift */,
				2DF74FA02AE5576600DFBDD5 /* UserStatusRowViewModel.swift */,
				2DF74F9C2AE552DD00DFBDD5 /* FollowStatusButton.swift */,
			);
			path = Users;
			sourceTree = "<group>";
		};
		FF2EE4E82ABEF042000522CF /* SideMenu */ = {
			isa = PBXGroup;
			children = (
				FF2EE4EA2ABEF066000522CF /* View */,
				FF2EE4E92ABEF060000522CF /* ViewModel */,
			);
			path = SideMenu;
			sourceTree = "<group>";
		};
		FF2EE4E92ABEF060000522CF /* ViewModel */ = {
			isa = PBXGroup;
			children = (
				FF2EE4EF2ABEF0C3000522CF /* SideMenuViewModel.swift */,
			);
			path = ViewModel;
			sourceTree = "<group>";
		};
		FF2EE4EA2ABEF066000522CF /* View */ = {
			isa = PBXGroup;
			children = (
				FF2EE4EB2ABEF082000522CF /* SideMenuView.swift */,
				FF2EE4ED2ABEF09C000522CF /* SideMenuRowView.swift */,
				FF2EE4F32ABF0D5F000522CF /* SideMenuOptionRowView.swift */,
			);
			path = View;
			sourceTree = "<group>";
		};
		FF2EE4F52ABF142A000522CF /* NewTweetView */ = {
			isa = PBXGroup;
			children = (
				FF2EE4F72ABF1441000522CF /* View */,
				FF2EE4F62ABF143B000522CF /* ViewModel */,
			);
			path = NewTweetView;
			sourceTree = "<group>";
		};
		FF2EE4F62ABF143B000522CF /* ViewModel */ = {
			isa = PBXGroup;
			children = (
				FFACF2B72AC1A53600A2C911 /* NewTweetViewModel.swift */,
			);
			path = ViewModel;
			sourceTree = "<group>";
		};
		FF2EE4F72ABF1441000522CF /* View */ = {
			isa = PBXGroup;
			children = (
				FF2EE4F82ABF144E000522CF /* NewTweetView.swift */,
			);
			path = View;
			sourceTree = "<group>";
		};
		FF2EE4FC2ABF2080000522CF /* Authentication */ = {
			isa = PBXGroup;
			children = (
				FF170EE62AD2A27200B90E2D /* ViewModel */,
				FF2EE4FE2ABF2094000522CF /* Views */,
			);
			path = Authentication;
			sourceTree = "<group>";
		};
		FF2EE4FE2ABF2094000522CF /* Views */ = {
			isa = PBXGroup;
			children = (
				FF170EEB2AD2D95000B90E2D /* EntryView.swift */,
				FF2EE4FF2ABF20B6000522CF /* LoginView.swift */,
				FF2EE5012ABF20C0000522CF /* RegistrationView.swift */,
				FF2EE5472AC01614000522CF /* ProfilePhotoSelectView.swift */,
			);
			path = Views;
			sourceTree = "<group>";
		};
		FF2EE5072ABFE697000522CF /* Authentication */ = {
			isa = PBXGroup;
			children = (
				FF2EE50A2ABFE905000522CF /* AuthSubmitButton.swift */,
				FF170EF32AD2F2DB00B90E2D /* AuthHeaderView.swift */,
			);
			path = Authentication;
			sourceTree = "<group>";
		};
		FF44B9132ABC8117005B87F4 = {
			isa = PBXGroup;
			children = (
				FF44B91E2ABC8117005B87F4 /* TwitterSwiftUI */,
				FF44B91D2ABC8117005B87F4 /* Products */,
			);
			sourceTree = "<group>";
		};
		FF44B91D2ABC8117005B87F4 /* Products */ = {
			isa = PBXGroup;
			children = (
				FF44B91C2ABC8117005B87F4 /* TwitterSwiftUI.app */,
			);
			name = Products;
			sourceTree = "<group>";
		};
		FF44B91E2ABC8117005B87F4 /* TwitterSwiftUI */ = {
			isa = PBXGroup;
			children = (
				FFFB5D562AC020EE00817497 /* Utils */,
				FF2EE50C2ABFF87A000522CF /* GoogleService-Info.plist */,
				FF44B9302ABC8134005B87F4 /* Extensions */,
				FF44B9312ABC814C005B87F4 /* Model */,
				FF44B92F2ABC8132005B87F4 /* Service */,
				FF44B92E2ABC812F005B87F4 /* Core */,
				FF44B9212ABC8117005B87F4 /* ContentView.swift */,
				FF9A90182AD2998100874BC5 /* ContentViewModel.swift */,
				FF44B91F2ABC8117005B87F4 /* TwitterSwiftUIApp.swift */,
				FF44B9232ABC8118005B87F4 /* Assets.xcassets */,
				FF44B9252ABC8118005B87F4 /* TwitterSwiftUI.entitlements */,
				FF44B9262ABC8118005B87F4 /* Preview Content */,
			);
			path = TwitterSwiftUI;
			sourceTree = "<group>";
		};
		FF44B9262ABC8118005B87F4 /* Preview Content */ = {
			isa = PBXGroup;
			children = (
				FF44B9272ABC8118005B87F4 /* Preview Assets.xcassets */,
			);
			path = "Preview Content";
			sourceTree = "<group>";
		};
		FF44B92E2ABC812F005B87F4 /* Core */ = {
			isa = PBXGroup;
			children = (
				FF44B9322ABC8170005B87F4 /* Components */,
				FF2EE4FC2ABF2080000522CF /* Authentication */,
				FF2EE4F52ABF142A000522CF /* NewTweetView */,
				FF2EE4E82ABEF042000522CF /* SideMenu */,
				FF4C5D742AD27A3C003F3E90 /* TabBar */,
				FF44B9412ABC8BB9005B87F4 /* Profile */,
			);
			path = Core;
			sourceTree = "<group>";
		};
		FF44B92F2ABC8132005B87F4 /* Service */ = {
			isa = PBXGroup;
			children = (
				FF2EE5452ABFFB4B000522CF /* AuthService.swift */,
				FFFB5D592AC045D600817497 /* ImageUploader.swift */,
				FFFB5D5B2AC0504C00817497 /* UserService.swift */,
				FFACF2B52AC1937A00A2C911 /* TweetService.swift */,
			);
			path = Service;
			sourceTree = "<group>";
		};
		FF44B9302ABC8134005B87F4 /* Extensions */ = {
			isa = PBXGroup;
			children = (
				FF170EE22AD29E7800B90E2D /* PreviewProvider.swift */,
				FF170EEF2AD2DAB900B90E2D /* UIImage+Extensions.swift */,
				FF170EF12AD2DB9700B90E2D /* View+Extensions.swift */,
				2D6173E92AE011250089F1E7 /* Timestamp+Extensions.swift */,
				2DD92B982AE3CEEA00252362 /* String+Extensions.swift */,
			);
			path = Extensions;
			sourceTree = "<group>";
		};
		FF44B9312ABC814C005B87F4 /* Model */ = {
			isa = PBXGroup;
			children = (
				FFFB5D5D2AC052E000817497 /* User.swift */,
				FFACF2BB2AC1A82C00A2C911 /* Tweet.swift */,
				2DC291472ADA3D49006E9E23 /* Message.swift */,
			);
			path = Model;
			sourceTree = "<group>";
		};
		FF44B9322ABC8170005B87F4 /* Components */ = {
			isa = PBXGroup;
			children = (
				FF2EE5072ABFE697000522CF /* Authentication */,
				FF2EE4E42ABECC40000522CF /* Users */,
				FF44B9382ABC859A005B87F4 /* Tweets */,
				FF2EE4FA2ABF1C2F000522CF /* TextAreaView.swift */,
				FF6359092AD7E2E500A7B114 /* PagerTabView.swift */,
				FF2EE5032ABF23EE000522CF /* RoundedShape.swift */,
				FF2EE5052ABFE4D7000522CF /* CustomTextField.swift */,
				2DC4D9422ADBBD4C0066FF02 /* NavigationHeaderView.swift */,
				FFACF2B32AC15A3400A2C911 /* SearchBar.swift */,
				2DC4D9442ADBEB9C0066FF02 /* BlurView.swift */,
			);
			path = Components;
			sourceTree = "<group>";
		};
		FF44B9332ABC817F005B87F4 /* Feed */ = {
			isa = PBXGroup;
			children = (
				FF44B9352ABC8232005B87F4 /* View */,
				FF44B9342ABC822C005B87F4 /* ViewModels */,
			);
			name = Feed;
			path = ..;
			sourceTree = "<group>";
		};
		FF44B9342ABC822C005B87F4 /* ViewModels */ = {
			isa = PBXGroup;
			children = (
				FFACF2B92AC1A78400A2C911 /* FeedViewModel.swift */,
				2D89D9DD2AD9846C00F20E91 /* FeedTabListViewModel.swift */,
			);
			name = ViewModels;
			sourceTree = "<group>";
		};
		FF44B9352ABC8232005B87F4 /* View */ = {
			isa = PBXGroup;
			children = (
				FF44B9362ABC8257005B87F4 /* FeedView.swift */,
				2D89D9DB2AD9844200F20E91 /* FeedTabListView.swift */,
			);
			name = View;
			sourceTree = "<group>";
		};
		FF44B9382ABC859A005B87F4 /* Tweets */ = {
			isa = PBXGroup;
			children = (
				FF2CB5862AC2DE18007DAC1F /* ViewModel */,
				FF2CB5872AC2DE26007DAC1F /* Views */,
			);
			path = Tweets;
			sourceTree = "<group>";
		};
		FF44B93B2ABC8A7D005B87F4 /* MainTab */ = {
			isa = PBXGroup;
			children = (
				FF44B93C2ABC8A97005B87F4 /* MainTabView.swift */,
				2DE08BE62ADAEBF900DAA3C4 /* NewTweetButton.swift */,
				FF4C5D7A2AD289E4003F3E90 /* MainTabBarViewModel.swift */,
			);
			path = MainTab;
			sourceTree = "<group>";
		};
		FF44B93E2ABC8B7B005B87F4 /* Explore */ = {
			isa = PBXGroup;
			children = (
				FF2EE4E32ABECC1C000522CF /* ViewModel */,
				FF2EE4E22ABECC13000522CF /* View */,
			);
			path = Explore;
			sourceTree = "<group>";
		};
		FF44B93F2ABC8B88005B87F4 /* Notifications */ = {
			isa = PBXGroup;
			children = (
				FF44B9442ABC8C0D005B87F4 /* NotificationsView.swift */,
			);
			path = Notifications;
			sourceTree = "<group>";
		};
		FF44B9402ABC8B97005B87F4 /* Conversations */ = {
			isa = PBXGroup;
			children = (
				2DC291452ADA2B7D006E9E23 /* ConversationsView.swift */,
				2DC291492ADA3FC9006E9E23 /* ConversationsViewModel.swift */,
				FF44B9462ABC8C21005B87F4 /* ChatView.swift */,
				2D58392A2AE006A700EC2C67 /* ChatBubbleView.swift */,
				2D89D9DF2AD9955900F20E91 /* ChatViewModel.swift */,
				2DC2914B2ADA504C006E9E23 /* ConversationRowView.swift */,
				2DC4D9462ADBF5B30066FF02 /* NewMessageView.swift */,
				2DC4D9482ADC14F30066FF02 /* NewMessageViewModel.swift */,
			);
			path = Conversations;
			sourceTree = "<group>";
		};
		FF44B9412ABC8BB9005B87F4 /* Profile */ = {
			isa = PBXGroup;
			children = (
				FF44B9492ABC8D59005B87F4 /* View */,
				FF44B9482ABC8D54005B87F4 /* ViewModel */,
			);
			path = Profile;
			sourceTree = "<group>";
		};
		FF44B9482ABC8D54005B87F4 /* ViewModel */ = {
			isa = PBXGroup;
			children = (
				FF5F92732ABEC64E00A33B9C /* ProfileTweetsTabType.swift */,
				FFACF2BD2AC1BD2A00A2C911 /* ProfileViewModel.swift */,
				FF63590D2AD7EA6700A7B114 /* TweetListViewModel.swift */,
				2D0C6CC22AE2C32E00D8F733 /* ProfileEditViewModel.swift */,
			);
			path = ViewModel;
			sourceTree = "<group>";
		};
		FF44B9492ABC8D59005B87F4 /* View */ = {
			isa = PBXGroup;
			children = (
				FF44B94A2ABC8D6A005B87F4 /* ProfileView.swift */,
				2D0C6CC02AE2C31F00D8F733 /* ProfileEditView.swift */,
				FF63590B2AD7E84800A7B114 /* TweetListView.swift */,
			);
			path = View;
			sourceTree = "<group>";
		};
		FF4C5D742AD27A3C003F3E90 /* TabBar */ = {
			isa = PBXGroup;
			children = (
				FF44B93B2ABC8A7D005B87F4 /* MainTab */,
				FF44B9332ABC817F005B87F4 /* Feed */,
				FF44B93E2ABC8B7B005B87F4 /* Explore */,
				FF44B93F2ABC8B88005B87F4 /* Notifications */,
				FF44B9402ABC8B97005B87F4 /* Conversations */,
			);
			path = TabBar;
			sourceTree = "<group>";
		};
		FFFB5D562AC020EE00817497 /* Utils */ = {
			isa = PBXGroup;
			children = (
				FFFB5D572AC0210600817497 /* ImagePicker.swift */,
			);
			path = Utils;
			sourceTree = "<group>";
		};
/* End PBXGroup section */

/* Begin PBXNativeTarget section */
		FF44B91B2ABC8117005B87F4 /* TwitterSwiftUI */ = {
			isa = PBXNativeTarget;
			buildConfigurationList = FF44B92B2ABC8118005B87F4 /* Build configuration list for PBXNativeTarget "TwitterSwiftUI" */;
			buildPhases = (
				FF44B9182ABC8117005B87F4 /* Sources */,
				FF44B9192ABC8117005B87F4 /* Frameworks */,
				FF44B91A2ABC8117005B87F4 /* Resources */,
			);
			buildRules = (
			);
			dependencies = (
			);
			name = TwitterSwiftUI;
			packageProductDependencies = (
				FF2EE50F2ABFF904000522CF /* FirebaseAnalytics */,
				FF2EE5112ABFF904000522CF /* FirebaseAnalyticsOnDeviceConversion */,
				FF2EE5132ABFF904000522CF /* FirebaseAnalyticsSwift */,
				FF2EE5152ABFF904000522CF /* FirebaseAnalyticsWithoutAdIdSupport */,
				FF2EE5172ABFF904000522CF /* FirebaseAppCheck */,
				FF2EE5192ABFF904000522CF /* FirebaseAppDistribution-Beta */,
				FF2EE51B2ABFF904000522CF /* FirebaseAuth */,
				FF2EE51D2ABFF904000522CF /* FirebaseAuthCombine-Community */,
				FF2EE51F2ABFF904000522CF /* FirebaseCrashlytics */,
				FF2EE5212ABFF904000522CF /* FirebaseDatabase */,
				FF2EE5232ABFF904000522CF /* FirebaseDatabaseSwift */,
				FF2EE5252ABFF904000522CF /* FirebaseDynamicLinks */,
				FF2EE5272ABFF904000522CF /* FirebaseFirestore */,
				FF2EE5292ABFF904000522CF /* FirebaseFirestoreCombine-Community */,
				FF2EE52B2ABFF904000522CF /* FirebaseFirestoreSwift */,
				FF2EE52D2ABFF904000522CF /* FirebaseFunctions */,
				FF2EE52F2ABFF904000522CF /* FirebaseFunctionsCombine-Community */,
				FF2EE5312ABFF904000522CF /* FirebaseInAppMessaging-Beta */,
				FF2EE5332ABFF904000522CF /* FirebaseInAppMessagingSwift-Beta */,
				FF2EE5352ABFF904000522CF /* FirebaseInstallations */,
				FF2EE5372ABFF904000522CF /* FirebaseMLModelDownloader */,
				FF2EE5392ABFF904000522CF /* FirebaseMessaging */,
				FF2EE53B2ABFF904000522CF /* FirebasePerformance */,
				FF2EE53D2ABFF904000522CF /* FirebaseRemoteConfig */,
				FF2EE53F2ABFF904000522CF /* FirebaseRemoteConfigSwift */,
				FF2EE5412ABFF904000522CF /* FirebaseStorage */,
				FF2EE5432ABFF904000522CF /* FirebaseStorageCombine-Community */,
				FFFB5D602AC055F400817497 /* Kingfisher */,
			);
			productName = TwitterSwiftUI;
			productReference = FF44B91C2ABC8117005B87F4 /* TwitterSwiftUI.app */;
			productType = "com.apple.product-type.application";
		};
/* End PBXNativeTarget section */

/* Begin PBXProject section */
		FF44B9142ABC8117005B87F4 /* Project object */ = {
			isa = PBXProject;
			attributes = {
				BuildIndependentTargetsInParallel = 1;
				LastSwiftUpdateCheck = 1400;
				LastUpgradeCheck = 1400;
				TargetAttributes = {
					FF44B91B2ABC8117005B87F4 = {
						CreatedOnToolsVersion = 14.0;
					};
				};
			};
			buildConfigurationList = FF44B9172ABC8117005B87F4 /* Build configuration list for PBXProject "TwitterSwiftUI" */;
			compatibilityVersion = "Xcode 14.0";
			developmentRegion = en;
			hasScannedForEncodings = 0;
			knownRegions = (
				en,
				Base,
			);
			mainGroup = FF44B9132ABC8117005B87F4;
			packageReferences = (
				FF2EE50E2ABFF904000522CF /* XCRemoteSwiftPackageReference "firebase-ios-sdk" */,
				FFFB5D5F2AC055F400817497 /* XCRemoteSwiftPackageReference "Kingfisher" */,
			);
			productRefGroup = FF44B91D2ABC8117005B87F4 /* Products */;
			projectDirPath = "";
			projectRoot = "";
			targets = (
				FF44B91B2ABC8117005B87F4 /* TwitterSwiftUI */,
			);
		};
/* End PBXProject section */

/* Begin PBXResourcesBuildPhase section */
		FF44B91A2ABC8117005B87F4 /* Resources */ = {
			isa = PBXResourcesBuildPhase;
			buildActionMask = 2147483647;
			files = (
				FF44B9282ABC8118005B87F4 /* Preview Assets.xcassets in Resources */,
				FF44B9242ABC8118005B87F4 /* Assets.xcassets in Resources */,
				FF2EE50D2ABFF87A000522CF /* GoogleService-Info.plist in Resources */,
			);
			runOnlyForDeploymentPostprocessing = 0;
		};
/* End PBXResourcesBuildPhase section */

/* Begin PBXSourcesBuildPhase section */
		FF44B9182ABC8117005B87F4 /* Sources */ = {
			isa = PBXSourcesBuildPhase;
			buildActionMask = 2147483647;
			files = (
				FFACF2BA2AC1A78400A2C911 /* FeedViewModel.swift in Sources */,
				2DC4D9432ADBBD4C0066FF02 /* NavigationHeaderView.swift in Sources */,
				FF170EEA2AD2A84F00B90E2D /* ProfilePhotoSelectViewModel.swift in Sources */,
				2DC4D9472ADBF5B30066FF02 /* NewMessageView.swift in Sources */,
				FF44B9472ABC8C21005B87F4 /* ChatView.swift in Sources */,
				FF44B94B2ABC8D6A005B87F4 /* ProfileView.swift in Sources */,
				2D7CD6522ADEC894006DECA4 /* UserStatusDetailView.swift in Sources */,
				FFACF2BC2AC1A82C00A2C911 /* Tweet.swift in Sources */,
				FF63590E2AD7EA6700A7B114 /* TweetListViewModel.swift in Sources */,
				2D58392B2AE006A700EC2C67 /* ChatBubbleView.swift in Sources */,
				2D0C6CC32AE2C32E00D8F733 /* ProfileEditViewModel.swift in Sources */,
				2DE08BE72ADAEBF900DAA3C4 /* NewTweetButton.swift in Sources */,
				2D89D9DC2AD9844200F20E91 /* FeedTabListView.swift in Sources */,
				FF2EE4FB2ABF1C2F000522CF /* TextAreaView.swift in Sources */,
				FFFB5D582AC0210600817497 /* ImagePicker.swift in Sources */,
				2DC4D9492ADC14F30066FF02 /* NewMessageViewModel.swift in Sources */,
				2DF74FA12AE5576600DFBDD5 /* UserStatusRowViewModel.swift in Sources */,
				FF2EE50B2ABFE905000522CF /* AuthSubmitButton.swift in Sources */,
				FF44B9222ABC8117005B87F4 /* ContentView.swift in Sources */,
				FF2EE4EE2ABEF09C000522CF /* SideMenuRowView.swift in Sources */,
				FFFB5D5E2AC052E000817497 /* User.swift in Sources */,
				2DC291482ADA3D49006E9E23 /* Message.swift in Sources */,
				FF44B93A2ABC85FC005B87F4 /* TweetRowView.swift in Sources */,
				FF170EE32AD29E7800B90E2D /* PreviewProvider.swift in Sources */,
				FF5F92742ABEC64E00A33B9C /* ProfileTweetsTabType.swift in Sources */,
				FFACF2B62AC1937A00A2C911 /* TweetService.swift in Sources */,
				FF44B9372ABC8257005B87F4 /* FeedView.swift in Sources */,
				FF2EE4EC2ABEF082000522CF /* SideMenuView.swift in Sources */,
				2DC2914C2ADA504C006E9E23 /* ConversationRowView.swift in Sources */,
				FF44B9202ABC8117005B87F4 /* TwitterSwiftUIApp.swift in Sources */,
				FF44B9432ABC8BEE005B87F4 /* ExploreView.swift in Sources */,
				FF4C5D7B2AD289E4003F3E90 /* MainTabBarViewModel.swift in Sources */,
				FF170EE82AD2A27D00B90E2D /* LoginViewModel.swift in Sources */,
				FF170EF22AD2DB9700B90E2D /* View+Extensions.swift in Sources */,
				FF2EE4F02ABEF0C3000522CF /* SideMenuViewModel.swift in Sources */,
				FF2CB5892AC2DE4A007DAC1F /* TweetRowViewModel.swift in Sources */,
				FF2EE5062ABFE4D7000522CF /* CustomTextField.swift in Sources */,
				FFFB5D5C2AC0504C00817497 /* UserService.swift in Sources */,
				FF2EE5482AC01614000522CF /* ProfilePhotoSelectView.swift in Sources */,
				FF9A90192AD2998100874BC5 /* ContentViewModel.swift in Sources */,
				2D89D9DE2AD9846C00F20E91 /* FeedTabListViewModel.swift in Sources */,
				FF2EE4F92ABF144E000522CF /* NewTweetView.swift in Sources */,
				FF2EE4E72ABECC61000522CF /* UserRowView.swift in Sources */,
				FF63590C2AD7E84800A7B114 /* TweetListView.swift in Sources */,
				2D6173EA2AE011260089F1E7 /* Timestamp+Extensions.swift in Sources */,
				2D89D9E02AD9955900F20E91 /* ChatViewModel.swift in Sources */,
				FFACF2B42AC15A3400A2C911 /* SearchBar.swift in Sources */,
				2DF74F9D2AE552DD00DFBDD5 /* FollowStatusButton.swift in Sources */,
				FF2EE5042ABF23EE000522CF /* RoundedShape.swift in Sources */,
				FF170EEC2AD2D95000B90E2D /* EntryView.swift in Sources */,
				FFACF2BE2AC1BD2A00A2C911 /* ProfileViewModel.swift in Sources */,
				FF170EE52AD2A09E00B90E2D /* RegistrationViewModel.swift in Sources */,
				2DF74F9F2AE555B500DFBDD5 /* UserStatusRowView.swift in Sources */,
				2DC291462ADA2B7D006E9E23 /* ConversationsView.swift in Sources */,
				FFACF2B22AC1519E00A2C911 /* ExploreViewModel.swift in Sources */,
				2D9F42BB2AE16912000FD971 /* FollowingUserListView.swift in Sources */,
				2DD92B992AE3CEEA00252362 /* String+Extensions.swift in Sources */,
				FF2EE4F42ABF0D5F000522CF /* SideMenuOptionRowView.swift in Sources */,
				FF170EF42AD2F2DB00B90E2D /* AuthHeaderView.swift in Sources */,
				FFFB5D5A2AC045D600817497 /* ImageUploader.swift in Sources */,
				2D0C6CC12AE2C31F00D8F733 /* ProfileEditView.swift in Sources */,
				FFACF2B82AC1A53600A2C911 /* NewTweetViewModel.swift in Sources */,
				FF170EF02AD2DAB900B90E2D /* UIImage+Extensions.swift in Sources */,
				FF63590A2AD7E2E500A7B114 /* PagerTabView.swift in Sources */,
				FF44B93D2ABC8A97005B87F4 /* MainTabView.swift in Sources */,
				FF2EE5462ABFFB4B000522CF /* AuthService.swift in Sources */,
				FF170EEE2AD2D97900B90E2D /* EntryViewModel.swift in Sources */,
				FF2EE5002ABF20B6000522CF /* LoginView.swift in Sources */,
				FF44B9452ABC8C0D005B87F4 /* NotificationsView.swift in Sources */,
				2DC2914A2ADA3FC9006E9E23 /* ConversationsViewModel.swift in Sources */,
				FF2EE4F22ABEF43A000522CF /* UserStatsView.swift in Sources */,
				FF2EE5022ABF20C0000522CF /* RegistrationView.swift in Sources */,
				2D9F42B92AE161DE000FD971 /* UserStatusDetailViewModel.swift in Sources */,
				2DC4D9452ADBEB9C0066FF02 /* BlurView.swift in Sources */,
			);
			runOnlyForDeploymentPostprocessing = 0;
		};
/* End PBXSourcesBuildPhase section */

/* Begin XCBuildConfiguration section */
		FF44B9292ABC8118005B87F4 /* Debug */ = {
			isa = XCBuildConfiguration;
			buildSettings = {
				ALWAYS_SEARCH_USER_PATHS = NO;
				CLANG_ANALYZER_NONNULL = YES;
				CLANG_ANALYZER_NUMBER_OBJECT_CONVERSION = YES_AGGRESSIVE;
				CLANG_CXX_LANGUAGE_STANDARD = "gnu++20";
				CLANG_ENABLE_MODULES = YES;
				CLANG_ENABLE_OBJC_ARC = YES;
				CLANG_ENABLE_OBJC_WEAK = YES;
				CLANG_WARN_BLOCK_CAPTURE_AUTORELEASING = YES;
				CLANG_WARN_BOOL_CONVERSION = YES;
				CLANG_WARN_COMMA = YES;
				CLANG_WARN_CONSTANT_CONVERSION = YES;
				CLANG_WARN_DEPRECATED_OBJC_IMPLEMENTATIONS = YES;
				CLANG_WARN_DIRECT_OBJC_ISA_USAGE = YES_ERROR;
				CLANG_WARN_DOCUMENTATION_COMMENTS = YES;
				CLANG_WARN_EMPTY_BODY = YES;
				CLANG_WARN_ENUM_CONVERSION = YES;
				CLANG_WARN_INFINITE_RECURSION = YES;
				CLANG_WARN_INT_CONVERSION = YES;
				CLANG_WARN_NON_LITERAL_NULL_CONVERSION = YES;
				CLANG_WARN_OBJC_IMPLICIT_RETAIN_SELF = YES;
				CLANG_WARN_OBJC_LITERAL_CONVERSION = YES;
				CLANG_WARN_OBJC_ROOT_CLASS = YES_ERROR;
				CLANG_WARN_QUOTED_INCLUDE_IN_FRAMEWORK_HEADER = YES;
				CLANG_WARN_RANGE_LOOP_ANALYSIS = YES;
				CLANG_WARN_STRICT_PROTOTYPES = YES;
				CLANG_WARN_SUSPICIOUS_MOVE = YES;
				CLANG_WARN_UNGUARDED_AVAILABILITY = YES_AGGRESSIVE;
				CLANG_WARN_UNREACHABLE_CODE = YES;
				CLANG_WARN__DUPLICATE_METHOD_MATCH = YES;
				COPY_PHASE_STRIP = NO;
				DEBUG_INFORMATION_FORMAT = dwarf;
				ENABLE_STRICT_OBJC_MSGSEND = YES;
				ENABLE_TESTABILITY = YES;
				GCC_C_LANGUAGE_STANDARD = gnu11;
				GCC_DYNAMIC_NO_PIC = NO;
				GCC_NO_COMMON_BLOCKS = YES;
				GCC_OPTIMIZATION_LEVEL = 0;
				GCC_PREPROCESSOR_DEFINITIONS = (
					"DEBUG=1",
					"$(inherited)",
				);
				GCC_WARN_64_TO_32_BIT_CONVERSION = YES;
				GCC_WARN_ABOUT_RETURN_TYPE = YES_ERROR;
				GCC_WARN_UNDECLARED_SELECTOR = YES;
				GCC_WARN_UNINITIALIZED_AUTOS = YES_AGGRESSIVE;
				GCC_WARN_UNUSED_FUNCTION = YES;
				GCC_WARN_UNUSED_VARIABLE = YES;
				MTL_ENABLE_DEBUG_INFO = INCLUDE_SOURCE;
				MTL_FAST_MATH = YES;
				ONLY_ACTIVE_ARCH = YES;
				SWIFT_ACTIVE_COMPILATION_CONDITIONS = DEBUG;
				SWIFT_OPTIMIZATION_LEVEL = "-Onone";
			};
			name = Debug;
		};
		FF44B92A2ABC8118005B87F4 /* Release */ = {
			isa = XCBuildConfiguration;
			buildSettings = {
				ALWAYS_SEARCH_USER_PATHS = NO;
				CLANG_ANALYZER_NONNULL = YES;
				CLANG_ANALYZER_NUMBER_OBJECT_CONVERSION = YES_AGGRESSIVE;
				CLANG_CXX_LANGUAGE_STANDARD = "gnu++20";
				CLANG_ENABLE_MODULES = YES;
				CLANG_ENABLE_OBJC_ARC = YES;
				CLANG_ENABLE_OBJC_WEAK = YES;
				CLANG_WARN_BLOCK_CAPTURE_AUTORELEASING = YES;
				CLANG_WARN_BOOL_CONVERSION = YES;
				CLANG_WARN_COMMA = YES;
				CLANG_WARN_CONSTANT_CONVERSION = YES;
				CLANG_WARN_DEPRECATED_OBJC_IMPLEMENTATIONS = YES;
				CLANG_WARN_DIRECT_OBJC_ISA_USAGE = YES_ERROR;
				CLANG_WARN_DOCUMENTATION_COMMENTS = YES;
				CLANG_WARN_EMPTY_BODY = YES;
				CLANG_WARN_ENUM_CONVERSION = YES;
				CLANG_WARN_INFINITE_RECURSION = YES;
				CLANG_WARN_INT_CONVERSION = YES;
				CLANG_WARN_NON_LITERAL_NULL_CONVERSION = YES;
				CLANG_WARN_OBJC_IMPLICIT_RETAIN_SELF = YES;
				CLANG_WARN_OBJC_LITERAL_CONVERSION = YES;
				CLANG_WARN_OBJC_ROOT_CLASS = YES_ERROR;
				CLANG_WARN_QUOTED_INCLUDE_IN_FRAMEWORK_HEADER = YES;
				CLANG_WARN_RANGE_LOOP_ANALYSIS = YES;
				CLANG_WARN_STRICT_PROTOTYPES = YES;
				CLANG_WARN_SUSPICIOUS_MOVE = YES;
				CLANG_WARN_UNGUARDED_AVAILABILITY = YES_AGGRESSIVE;
				CLANG_WARN_UNREACHABLE_CODE = YES;
				CLANG_WARN__DUPLICATE_METHOD_MATCH = YES;
				COPY_PHASE_STRIP = NO;
				DEBUG_INFORMATION_FORMAT = "dwarf-with-dsym";
				ENABLE_NS_ASSERTIONS = NO;
				ENABLE_STRICT_OBJC_MSGSEND = YES;
				GCC_C_LANGUAGE_STANDARD = gnu11;
				GCC_NO_COMMON_BLOCKS = YES;
				GCC_WARN_64_TO_32_BIT_CONVERSION = YES;
				GCC_WARN_ABOUT_RETURN_TYPE = YES_ERROR;
				GCC_WARN_UNDECLARED_SELECTOR = YES;
				GCC_WARN_UNINITIALIZED_AUTOS = YES_AGGRESSIVE;
				GCC_WARN_UNUSED_FUNCTION = YES;
				GCC_WARN_UNUSED_VARIABLE = YES;
				MTL_ENABLE_DEBUG_INFO = NO;
				MTL_FAST_MATH = YES;
				SWIFT_COMPILATION_MODE = wholemodule;
				SWIFT_OPTIMIZATION_LEVEL = "-O";
			};
			name = Release;
		};
		FF44B92C2ABC8118005B87F4 /* Debug */ = {
			isa = XCBuildConfiguration;
			buildSettings = {
				ASSETCATALOG_COMPILER_APPICON_NAME = AppIcon;
				ASSETCATALOG_COMPILER_GLOBAL_ACCENT_COLOR_NAME = AccentColor;
				CODE_SIGN_ENTITLEMENTS = TwitterSwiftUI/TwitterSwiftUI.entitlements;
				CODE_SIGN_STYLE = Automatic;
				CURRENT_PROJECT_VERSION = 1;
				DEVELOPMENT_ASSET_PATHS = "\"TwitterSwiftUI/Preview Content\"";
				DEVELOPMENT_TEAM = 5A5U879WG3;
				ENABLE_HARDENED_RUNTIME = YES;
				ENABLE_PREVIEWS = YES;
				GENERATE_INFOPLIST_FILE = YES;
				"INFOPLIST_KEY_UIApplicationSceneManifest_Generation[sdk=iphoneos*]" = YES;
				"INFOPLIST_KEY_UIApplicationSceneManifest_Generation[sdk=iphonesimulator*]" = YES;
				"INFOPLIST_KEY_UIApplicationSupportsIndirectInputEvents[sdk=iphoneos*]" = YES;
				"INFOPLIST_KEY_UIApplicationSupportsIndirectInputEvents[sdk=iphonesimulator*]" = YES;
				"INFOPLIST_KEY_UILaunchScreen_Generation[sdk=iphoneos*]" = YES;
				"INFOPLIST_KEY_UILaunchScreen_Generation[sdk=iphonesimulator*]" = YES;
				"INFOPLIST_KEY_UIStatusBarStyle[sdk=iphoneos*]" = UIStatusBarStyleDefault;
				"INFOPLIST_KEY_UIStatusBarStyle[sdk=iphonesimulator*]" = UIStatusBarStyleDefault;
				INFOPLIST_KEY_UISupportedInterfaceOrientations_iPad = "UIInterfaceOrientationPortrait UIInterfaceOrientationPortraitUpsideDown UIInterfaceOrientationLandscapeLeft UIInterfaceOrientationLandscapeRight";
				INFOPLIST_KEY_UISupportedInterfaceOrientations_iPhone = "UIInterfaceOrientationPortrait UIInterfaceOrientationLandscapeLeft UIInterfaceOrientationLandscapeRight";
				IPHONEOS_DEPLOYMENT_TARGET = 16.0;
				LD_RUNPATH_SEARCH_PATHS = "@executable_path/Frameworks";
				"LD_RUNPATH_SEARCH_PATHS[sdk=macosx*]" = "@executable_path/../Frameworks";
				MACOSX_DEPLOYMENT_TARGET = 12.3;
				MARKETING_VERSION = 1.0;
				PRODUCT_BUNDLE_IDENTIFIER = com.boardguy.TwitterSwiftUI;
				PRODUCT_NAME = "$(TARGET_NAME)";
				SDKROOT = auto;
				SUPPORTED_PLATFORMS = "iphoneos iphonesimulator macosx";
				SWIFT_EMIT_LOC_STRINGS = YES;
				SWIFT_VERSION = 5.0;
				TARGETED_DEVICE_FAMILY = "1,2";
			};
			name = Debug;
		};
		FF44B92D2ABC8118005B87F4 /* Release */ = {
			isa = XCBuildConfiguration;
			buildSettings = {
				ASSETCATALOG_COMPILER_APPICON_NAME = AppIcon;
				ASSETCATALOG_COMPILER_GLOBAL_ACCENT_COLOR_NAME = AccentColor;
				CODE_SIGN_ENTITLEMENTS = TwitterSwiftUI/TwitterSwiftUI.entitlements;
				CODE_SIGN_STYLE = Automatic;
				CURRENT_PROJECT_VERSION = 1;
				DEVELOPMENT_ASSET_PATHS = "\"TwitterSwiftUI/Preview Content\"";
				DEVELOPMENT_TEAM = 5A5U879WG3;
				ENABLE_HARDENED_RUNTIME = YES;
				ENABLE_PREVIEWS = YES;
				GENERATE_INFOPLIST_FILE = YES;
				"INFOPLIST_KEY_UIApplicationSceneManifest_Generation[sdk=iphoneos*]" = YES;
				"INFOPLIST_KEY_UIApplicationSceneManifest_Generation[sdk=iphonesimulator*]" = YES;
				"INFOPLIST_KEY_UIApplicationSupportsIndirectInputEvents[sdk=iphoneos*]" = YES;
				"INFOPLIST_KEY_UIApplicationSupportsIndirectInputEvents[sdk=iphonesimulator*]" = YES;
				"INFOPLIST_KEY_UILaunchScreen_Generation[sdk=iphoneos*]" = YES;
				"INFOPLIST_KEY_UILaunchScreen_Generation[sdk=iphonesimulator*]" = YES;
				"INFOPLIST_KEY_UIStatusBarStyle[sdk=iphoneos*]" = UIStatusBarStyleDefault;
				"INFOPLIST_KEY_UIStatusBarStyle[sdk=iphonesimulator*]" = UIStatusBarStyleDefault;
				INFOPLIST_KEY_UISupportedInterfaceOrientations_iPad = "UIInterfaceOrientationPortrait UIInterfaceOrientationPortraitUpsideDown UIInterfaceOrientationLandscapeLeft UIInterfaceOrientationLandscapeRight";
				INFOPLIST_KEY_UISupportedInterfaceOrientations_iPhone = "UIInterfaceOrientationPortrait UIInterfaceOrientationLandscapeLeft UIInterfaceOrientationLandscapeRight";
				IPHONEOS_DEPLOYMENT_TARGET = 16.0;
				LD_RUNPATH_SEARCH_PATHS = "@executable_path/Frameworks";
				"LD_RUNPATH_SEARCH_PATHS[sdk=macosx*]" = "@executable_path/../Frameworks";
				MACOSX_DEPLOYMENT_TARGET = 12.3;
				MARKETING_VERSION = 1.0;
				PRODUCT_BUNDLE_IDENTIFIER = com.boardguy.TwitterSwiftUI;
				PRODUCT_NAME = "$(TARGET_NAME)";
				SDKROOT = auto;
				SUPPORTED_PLATFORMS = "iphoneos iphonesimulator macosx";
				SWIFT_EMIT_LOC_STRINGS = YES;
				SWIFT_VERSION = 5.0;
				TARGETED_DEVICE_FAMILY = "1,2";
			};
			name = Release;
		};
/* End XCBuildConfiguration section */

/* Begin XCConfigurationList section */
		FF44B9172ABC8117005B87F4 /* Build configuration list for PBXProject "TwitterSwiftUI" */ = {
			isa = XCConfigurationList;
			buildConfigurations = (
				FF44B9292ABC8118005B87F4 /* Debug */,
				FF44B92A2ABC8118005B87F4 /* Release */,
			);
			defaultConfigurationIsVisible = 0;
			defaultConfigurationName = Release;
		};
		FF44B92B2ABC8118005B87F4 /* Build configuration list for PBXNativeTarget "TwitterSwiftUI" */ = {
			isa = XCConfigurationList;
			buildConfigurations = (
				FF44B92C2ABC8118005B87F4 /* Debug */,
				FF44B92D2ABC8118005B87F4 /* Release */,
			);
			defaultConfigurationIsVisible = 0;
			defaultConfigurationName = Release;
		};
/* End XCConfigurationList section */

/* Begin XCRemoteSwiftPackageReference section */
		FF2EE50E2ABFF904000522CF /* XCRemoteSwiftPackageReference "firebase-ios-sdk" */ = {
			isa = XCRemoteSwiftPackageReference;
			repositoryURL = "https://github.com/firebase/firebase-ios-sdk";
			requirement = {
				kind = upToNextMajorVersion;
				minimumVersion = 10.15.0;
			};
		};
		FFFB5D5F2AC055F400817497 /* XCRemoteSwiftPackageReference "Kingfisher" */ = {
			isa = XCRemoteSwiftPackageReference;
			repositoryURL = "https://github.com/onevcat/Kingfisher";
			requirement = {
				kind = upToNextMajorVersion;
				minimumVersion = 7.9.1;
			};
		};
/* End XCRemoteSwiftPackageReference section */

/* Begin XCSwiftPackageProductDependency section */
		FF2EE50F2ABFF904000522CF /* FirebaseAnalytics */ = {
			isa = XCSwiftPackageProductDependency;
			package = FF2EE50E2ABFF904000522CF /* XCRemoteSwiftPackageReference "firebase-ios-sdk" */;
			productName = FirebaseAnalytics;
		};
		FF2EE5112ABFF904000522CF /* FirebaseAnalyticsOnDeviceConversion */ = {
			isa = XCSwiftPackageProductDependency;
			package = FF2EE50E2ABFF904000522CF /* XCRemoteSwiftPackageReference "firebase-ios-sdk" */;
			productName = FirebaseAnalyticsOnDeviceConversion;
		};
		FF2EE5132ABFF904000522CF /* FirebaseAnalyticsSwift */ = {
			isa = XCSwiftPackageProductDependency;
			package = FF2EE50E2ABFF904000522CF /* XCRemoteSwiftPackageReference "firebase-ios-sdk" */;
			productName = FirebaseAnalyticsSwift;
		};
		FF2EE5152ABFF904000522CF /* FirebaseAnalyticsWithoutAdIdSupport */ = {
			isa = XCSwiftPackageProductDependency;
			package = FF2EE50E2ABFF904000522CF /* XCRemoteSwiftPackageReference "firebase-ios-sdk" */;
			productName = FirebaseAnalyticsWithoutAdIdSupport;
		};
		FF2EE5172ABFF904000522CF /* FirebaseAppCheck */ = {
			isa = XCSwiftPackageProductDependency;
			package = FF2EE50E2ABFF904000522CF /* XCRemoteSwiftPackageReference "firebase-ios-sdk" */;
			productName = FirebaseAppCheck;
		};
		FF2EE5192ABFF904000522CF /* FirebaseAppDistribution-Beta */ = {
			isa = XCSwiftPackageProductDependency;
			package = FF2EE50E2ABFF904000522CF /* XCRemoteSwiftPackageReference "firebase-ios-sdk" */;
			productName = "FirebaseAppDistribution-Beta";
		};
		FF2EE51B2ABFF904000522CF /* FirebaseAuth */ = {
			isa = XCSwiftPackageProductDependency;
			package = FF2EE50E2ABFF904000522CF /* XCRemoteSwiftPackageReference "firebase-ios-sdk" */;
			productName = FirebaseAuth;
		};
		FF2EE51D2ABFF904000522CF /* FirebaseAuthCombine-Community */ = {
			isa = XCSwiftPackageProductDependency;
			package = FF2EE50E2ABFF904000522CF /* XCRemoteSwiftPackageReference "firebase-ios-sdk" */;
			productName = "FirebaseAuthCombine-Community";
		};
		FF2EE51F2ABFF904000522CF /* FirebaseCrashlytics */ = {
			isa = XCSwiftPackageProductDependency;
			package = FF2EE50E2ABFF904000522CF /* XCRemoteSwiftPackageReference "firebase-ios-sdk" */;
			productName = FirebaseCrashlytics;
		};
		FF2EE5212ABFF904000522CF /* FirebaseDatabase */ = {
			isa = XCSwiftPackageProductDependency;
			package = FF2EE50E2ABFF904000522CF /* XCRemoteSwiftPackageReference "firebase-ios-sdk" */;
			productName = FirebaseDatabase;
		};
		FF2EE5232ABFF904000522CF /* FirebaseDatabaseSwift */ = {
			isa = XCSwiftPackageProductDependency;
			package = FF2EE50E2ABFF904000522CF /* XCRemoteSwiftPackageReference "firebase-ios-sdk" */;
			productName = FirebaseDatabaseSwift;
		};
		FF2EE5252ABFF904000522CF /* FirebaseDynamicLinks */ = {
			isa = XCSwiftPackageProductDependency;
			package = FF2EE50E2ABFF904000522CF /* XCRemoteSwiftPackageReference "firebase-ios-sdk" */;
			productName = FirebaseDynamicLinks;
		};
		FF2EE5272ABFF904000522CF /* FirebaseFirestore */ = {
			isa = XCSwiftPackageProductDependency;
			package = FF2EE50E2ABFF904000522CF /* XCRemoteSwiftPackageReference "firebase-ios-sdk" */;
			productName = FirebaseFirestore;
		};
		FF2EE5292ABFF904000522CF /* FirebaseFirestoreCombine-Community */ = {
			isa = XCSwiftPackageProductDependency;
			package = FF2EE50E2ABFF904000522CF /* XCRemoteSwiftPackageReference "firebase-ios-sdk" */;
			productName = "FirebaseFirestoreCombine-Community";
		};
		FF2EE52B2ABFF904000522CF /* FirebaseFirestoreSwift */ = {
			isa = XCSwiftPackageProductDependency;
			package = FF2EE50E2ABFF904000522CF /* XCRemoteSwiftPackageReference "firebase-ios-sdk" */;
			productName = FirebaseFirestoreSwift;
		};
		FF2EE52D2ABFF904000522CF /* FirebaseFunctions */ = {
			isa = XCSwiftPackageProductDependency;
			package = FF2EE50E2ABFF904000522CF /* XCRemoteSwiftPackageReference "firebase-ios-sdk" */;
			productName = FirebaseFunctions;
		};
		FF2EE52F2ABFF904000522CF /* FirebaseFunctionsCombine-Community */ = {
			isa = XCSwiftPackageProductDependency;
			package = FF2EE50E2ABFF904000522CF /* XCRemoteSwiftPackageReference "firebase-ios-sdk" */;
			productName = "FirebaseFunctionsCombine-Community";
		};
		FF2EE5312ABFF904000522CF /* FirebaseInAppMessaging-Beta */ = {
			isa = XCSwiftPackageProductDependency;
			package = FF2EE50E2ABFF904000522CF /* XCRemoteSwiftPackageReference "firebase-ios-sdk" */;
			productName = "FirebaseInAppMessaging-Beta";
		};
		FF2EE5332ABFF904000522CF /* FirebaseInAppMessagingSwift-Beta */ = {
			isa = XCSwiftPackageProductDependency;
			package = FF2EE50E2ABFF904000522CF /* XCRemoteSwiftPackageReference "firebase-ios-sdk" */;
			productName = "FirebaseInAppMessagingSwift-Beta";
		};
		FF2EE5352ABFF904000522CF /* FirebaseInstallations */ = {
			isa = XCSwiftPackageProductDependency;
			package = FF2EE50E2ABFF904000522CF /* XCRemoteSwiftPackageReference "firebase-ios-sdk" */;
			productName = FirebaseInstallations;
		};
		FF2EE5372ABFF904000522CF /* FirebaseMLModelDownloader */ = {
			isa = XCSwiftPackageProductDependency;
			package = FF2EE50E2ABFF904000522CF /* XCRemoteSwiftPackageReference "firebase-ios-sdk" */;
			productName = FirebaseMLModelDownloader;
		};
		FF2EE5392ABFF904000522CF /* FirebaseMessaging */ = {
			isa = XCSwiftPackageProductDependency;
			package = FF2EE50E2ABFF904000522CF /* XCRemoteSwiftPackageReference "firebase-ios-sdk" */;
			productName = FirebaseMessaging;
		};
		FF2EE53B2ABFF904000522CF /* FirebasePerformance */ = {
			isa = XCSwiftPackageProductDependency;
			package = FF2EE50E2ABFF904000522CF /* XCRemoteSwiftPackageReference "firebase-ios-sdk" */;
			productName = FirebasePerformance;
		};
		FF2EE53D2ABFF904000522CF /* FirebaseRemoteConfig */ = {
			isa = XCSwiftPackageProductDependency;
			package = FF2EE50E2ABFF904000522CF /* XCRemoteSwiftPackageReference "firebase-ios-sdk" */;
			productName = FirebaseRemoteConfig;
		};
		FF2EE53F2ABFF904000522CF /* FirebaseRemoteConfigSwift */ = {
			isa = XCSwiftPackageProductDependency;
			package = FF2EE50E2ABFF904000522CF /* XCRemoteSwiftPackageReference "firebase-ios-sdk" */;
			productName = FirebaseRemoteConfigSwift;
		};
		FF2EE5412ABFF904000522CF /* FirebaseStorage */ = {
			isa = XCSwiftPackageProductDependency;
			package = FF2EE50E2ABFF904000522CF /* XCRemoteSwiftPackageReference "firebase-ios-sdk" */;
			productName = FirebaseStorage;
		};
		FF2EE5432ABFF904000522CF /* FirebaseStorageCombine-Community */ = {
			isa = XCSwiftPackageProductDependency;
			package = FF2EE50E2ABFF904000522CF /* XCRemoteSwiftPackageReference "firebase-ios-sdk" */;
			productName = "FirebaseStorageCombine-Community";
		};
		FFFB5D602AC055F400817497 /* Kingfisher */ = {
			isa = XCSwiftPackageProductDependency;
			package = FFFB5D5F2AC055F400817497 /* XCRemoteSwiftPackageReference "Kingfisher" */;
			productName = Kingfisher;
		};
/* End XCSwiftPackageProductDependency section */
	};
	rootObject = FF44B9142ABC8117005B87F4 /* Project object */;
}
